// !$*UTF8*$!
{
	archiveVersion = 1;
	classes = {
	};
	objectVersion = 51;
	objects = {

/* Begin PBXBuildFile section */
		5149386B86D4C2A3F796669C /* Pods_makeba_makebaUITests.framework in Frameworks */ = {isa = PBXBuildFile; fileRef = D6FBF8F96E439EB0AEAF6622 /* Pods_makeba_makebaUITests.framework */; };
		5B12E9462505EF1700647C60 /* StatsContainer.swift in Sources */ = {isa = PBXBuildFile; fileRef = 5B12E9452505EF1600647C60 /* StatsContainer.swift */; };
		5B12E94825067AAB00647C60 /* NetworkResponse.swift in Sources */ = {isa = PBXBuildFile; fileRef = 5B12E94725067AAB00647C60 /* NetworkResponse.swift */; };
		5B12E94B2506996100647C60 /* StatusCode.swift in Sources */ = {isa = PBXBuildFile; fileRef = 5B12E94A2506996100647C60 /* StatusCode.swift */; };
		5B219A1C24F96DB900FD80B0 /* Requests.swift in Sources */ = {isa = PBXBuildFile; fileRef = 5B219A1B24F96DB900FD80B0 /* Requests.swift */; };
		5B219A1E24F96DEA00FD80B0 /* Preference.swift in Sources */ = {isa = PBXBuildFile; fileRef = 5B219A1D24F96DEA00FD80B0 /* Preference.swift */; };
		5B219A2024F96EED00FD80B0 /* DataLayer.swift in Sources */ = {isa = PBXBuildFile; fileRef = 5B219A1F24F96EED00FD80B0 /* DataLayer.swift */; };
		5B219A2424F9766300FD80B0 /* Server.swift in Sources */ = {isa = PBXBuildFile; fileRef = 5B219A2324F9766300FD80B0 /* Server.swift */; };
		5B219A3024FABE6700FD80B0 /* ServerCase.swift in Sources */ = {isa = PBXBuildFile; fileRef = 5B219A2F24FABE6700FD80B0 /* ServerCase.swift */; };
		5B219A4424FBCBCE00FD80B0 /* CoreDataStack.swift in Sources */ = {isa = PBXBuildFile; fileRef = 5B219A4324FBCBCE00FD80B0 /* CoreDataStack.swift */; };
		5B219A4724FBD8AA00FD80B0 /* ServerEntityCase.swift in Sources */ = {isa = PBXBuildFile; fileRef = 5B219A4624FBD8AA00FD80B0 /* ServerEntityCase.swift */; };
		5B219A4A24FBDC3200FD80B0 /* BaseCase.swift in Sources */ = {isa = PBXBuildFile; fileRef = 5B219A4924FBDC3200FD80B0 /* BaseCase.swift */; };
		5B219A4C24FBE47300FD80B0 /* BaseEntityCase.swift in Sources */ = {isa = PBXBuildFile; fileRef = 5B219A4B24FBE47300FD80B0 /* BaseEntityCase.swift */; };
		5B27AF66250E2776001577CC /* NetworkError.swift in Sources */ = {isa = PBXBuildFile; fileRef = 5B27AF65250E2776001577CC /* NetworkError.swift */; };
		5B53AA2F24D52C120051C296 /* R.generated.swift in Sources */ = {isa = PBXBuildFile; fileRef = 5B53AA2E24D52C120051C296 /* R.generated.swift */; };
		5B59AD66250530AD00397FF5 /* StatCase.swift in Sources */ = {isa = PBXBuildFile; fileRef = 5B59AD65250530AD00397FF5 /* StatCase.swift */; };
		5BA987BB2504F8CC0015104E /* Responses.swift in Sources */ = {isa = PBXBuildFile; fileRef = 5BA987BA2504F8CC0015104E /* Responses.swift */; };
		5BACE48D24FFE66A003EB2BE /* NetworkStatus.swift in Sources */ = {isa = PBXBuildFile; fileRef = 5BACE48C24FFE66A003EB2BE /* NetworkStatus.swift */; };
		5BACE49024FFE793003EB2BE /* BaseResponse.swift in Sources */ = {isa = PBXBuildFile; fileRef = 5BACE48F24FFE793003EB2BE /* BaseResponse.swift */; };
		5BACE49524FFE817003EB2BE /* DBStatus.swift in Sources */ = {isa = PBXBuildFile; fileRef = 5BACE49424FFE817003EB2BE /* DBStatus.swift */; };
		5BBABE3724CDA01100C3A22C /* AppDelegate.swift in Sources */ = {isa = PBXBuildFile; fileRef = 5BBABE3624CDA01100C3A22C /* AppDelegate.swift */; };
		5BBABE3924CDA01100C3A22C /* SceneDelegate.swift in Sources */ = {isa = PBXBuildFile; fileRef = 5BBABE3824CDA01100C3A22C /* SceneDelegate.swift */; };
		5BBABE4024CDA01200C3A22C /* Assets.xcassets in Resources */ = {isa = PBXBuildFile; fileRef = 5BBABE3F24CDA01200C3A22C /* Assets.xcassets */; };
		5BBABE4324CDA01200C3A22C /* LaunchScreen.storyboard in Resources */ = {isa = PBXBuildFile; fileRef = 5BBABE4124CDA01200C3A22C /* LaunchScreen.storyboard */; };
		5BBABE4E24CDA01200C3A22C /* makebaTests.swift in Sources */ = {isa = PBXBuildFile; fileRef = 5BBABE4D24CDA01200C3A22C /* makebaTests.swift */; };
		5BBABE5924CDA01200C3A22C /* makebaUITests.swift in Sources */ = {isa = PBXBuildFile; fileRef = 5BBABE5824CDA01200C3A22C /* makebaUITests.swift */; };
		5BBD27E024FEC6420022994D /* Binding.swift in Sources */ = {isa = PBXBuildFile; fileRef = 5BBD27DF24FEC6420022994D /* Binding.swift */; };
		5BBD27E224FF57B90022994D /* UIMTextField.swift in Sources */ = {isa = PBXBuildFile; fileRef = 5BBD27E124FF57B90022994D /* UIMTextField.swift */; };
		5BC038E32501FE6100E7BADE /* QueryError.swift in Sources */ = {isa = PBXBuildFile; fileRef = 5BC038E22501FE6100E7BADE /* QueryError.swift */; };
		5BC29859250E6FFD0067A949 /* ServerEntity+CoreDataProperties.swift in Sources */ = {isa = PBXBuildFile; fileRef = 5BC29857250E6FFC0067A949 /* ServerEntity+CoreDataProperties.swift */; };
		5BC2985A250E6FFD0067A949 /* ServerEntity+CoreDataClass.swift in Sources */ = {isa = PBXBuildFile; fileRef = 5BC29858250E6FFC0067A949 /* ServerEntity+CoreDataClass.swift */; };
		5BC29862250E72120067A949 /* Model.xcdatamodeld in Sources */ = {isa = PBXBuildFile; fileRef = 5BC29860250E72120067A949 /* Model.xcdatamodeld */; };
		5BCAE60F24D68FEA0002945B /* TabBarController.swift in Sources */ = {isa = PBXBuildFile; fileRef = 5BCAE60E24D68FEA0002945B /* TabBarController.swift */; };
		5BCB7E9B24D88DB100618676 /* AddServerViewModel.swift in Sources */ = {isa = PBXBuildFile; fileRef = 5BCB7E9A24D88DB100618676 /* AddServerViewModel.swift */; };
		5BCB7E9D24D88DBC00618676 /* AddServerView.swift in Sources */ = {isa = PBXBuildFile; fileRef = 5BCB7E9C24D88DBC00618676 /* AddServerView.swift */; };
		5BCC3BC024D1F42500A7C7DA /* NavigationRule.swift in Sources */ = {isa = PBXBuildFile; fileRef = 5BCC3BBF24D1F42500A7C7DA /* NavigationRule.swift */; };
		5BCC3BC224D1F4A800A7C7DA /* ViewControllers.swift in Sources */ = {isa = PBXBuildFile; fileRef = 5BCC3BC124D1F4A800A7C7DA /* ViewControllers.swift */; };
		5BD4913624D6933000BF0C8A /* ServerListViewController.swift in Sources */ = {isa = PBXBuildFile; fileRef = 5BD4913524D6933000BF0C8A /* ServerListViewController.swift */; };
		5BD4913824D6933900BF0C8A /* StatsViewController.swift in Sources */ = {isa = PBXBuildFile; fileRef = 5BD4913724D6933900BF0C8A /* StatsViewController.swift */; };
		5BD4913A24D6934200BF0C8A /* AddServerViewController.swift in Sources */ = {isa = PBXBuildFile; fileRef = 5BD4913924D6934200BF0C8A /* AddServerViewController.swift */; };
		5BD4913C24D6935300BF0C8A /* AboutAppViewController.swift in Sources */ = {isa = PBXBuildFile; fileRef = 5BD4913B24D6935300BF0C8A /* AboutAppViewController.swift */; };
		5BD4913E24D6936100BF0C8A /* AuthorizeViewController.swift in Sources */ = {isa = PBXBuildFile; fileRef = 5BD4913D24D6936100BF0C8A /* AuthorizeViewController.swift */; };
		5BD4914124D696DF00BF0C8A /* BaseViewController.swift in Sources */ = {isa = PBXBuildFile; fileRef = 5BD4914024D696DF00BF0C8A /* BaseViewController.swift */; };
		5BD4914324D6971C00BF0C8A /* BaseViewModel.swift in Sources */ = {isa = PBXBuildFile; fileRef = 5BD4914224D6971C00BF0C8A /* BaseViewModel.swift */; };
		5BD4914524D699E800BF0C8A /* ServerListViewModel.swift in Sources */ = {isa = PBXBuildFile; fileRef = 5BD4914424D699E800BF0C8A /* ServerListViewModel.swift */; };
		5BD4914724D6A2A300BF0C8A /* ServerListView.swift in Sources */ = {isa = PBXBuildFile; fileRef = 5BD4914624D6A2A300BF0C8A /* ServerListView.swift */; };
		5BD4914A24D6EFB900BF0C8A /* ServerInfoTableViewCell.swift in Sources */ = {isa = PBXBuildFile; fileRef = 5BD4914924D6EFB900BF0C8A /* ServerInfoTableViewCell.swift */; };
		5BDEE33624D45782000B5AF3 /* Localization.strings in Resources */ = {isa = PBXBuildFile; fileRef = 5BDEE33824D45782000B5AF3 /* Localization.strings */; };
		5BF5385D24DF270F004B513D /* StatsView.swift in Sources */ = {isa = PBXBuildFile; fileRef = 5BF5385C24DF270F004B513D /* StatsView.swift */; };
		5BF5385F24DF271A004B513D /* StatsViewModel.swift in Sources */ = {isa = PBXBuildFile; fileRef = 5BF5385E24DF271A004B513D /* StatsViewModel.swift */; };
		5BF5386E24DFC4EC004B513D /* Data.framework in Frameworks */ = {isa = PBXBuildFile; fileRef = 5BF5386524DFC4EC004B513D /* Data.framework */; };
		5BF5387524DFC4EC004B513D /* DataTests.swift in Sources */ = {isa = PBXBuildFile; fileRef = 5BF5387424DFC4EC004B513D /* DataTests.swift */; };
		5BF5387724DFC4EC004B513D /* Data.h in Headers */ = {isa = PBXBuildFile; fileRef = 5BF5386724DFC4EC004B513D /* Data.h */; settings = {ATTRIBUTES = (Public, ); }; };
		5BF5387A24DFC4EC004B513D /* Data.framework in Frameworks */ = {isa = PBXBuildFile; fileRef = 5BF5386524DFC4EC004B513D /* Data.framework */; };
		5BF5387B24DFC4EC004B513D /* Data.framework in Embed Frameworks */ = {isa = PBXBuildFile; fileRef = 5BF5386524DFC4EC004B513D /* Data.framework */; settings = {ATTRIBUTES = (CodeSignOnCopy, RemoveHeadersOnCopy, ); }; };
		5BFF260A24E1BDEB00C83286 /* CoreData.framework in Frameworks */ = {isa = PBXBuildFile; fileRef = 5BFF260924E1BDEB00C83286 /* CoreData.framework */; };
		9CDAD62319930A28AAC5B080 /* Pods_Data.framework in Frameworks */ = {isa = PBXBuildFile; fileRef = 711DAB4CE8B55EAA69D8FF0B /* Pods_Data.framework */; };
		C9B6C2FAC3F8E716EC9B7027 /* Pods_makeba.framework in Frameworks */ = {isa = PBXBuildFile; fileRef = 188CB3227B2267638DB93B0F /* Pods_makeba.framework */; };
		CE1FD8712841455843F5D164 /* Pods_Data_DataTests.framework in Frameworks */ = {isa = PBXBuildFile; fileRef = D32AFA1B1F35A1A1DD96C08B /* Pods_Data_DataTests.framework */; };
		D13D114CEC0CF103533B1761 /* Pods_makebaTests.framework in Frameworks */ = {isa = PBXBuildFile; fileRef = B741C19E08B63B75FDC9A22E /* Pods_makebaTests.framework */; };
/* End PBXBuildFile section */

/* Begin PBXContainerItemProxy section */
		5BBABE4A24CDA01200C3A22C /* PBXContainerItemProxy */ = {
			isa = PBXContainerItemProxy;
			containerPortal = 5BBABE2B24CDA01100C3A22C /* Project object */;
			proxyType = 1;
			remoteGlobalIDString = 5BBABE3224CDA01100C3A22C;
			remoteInfo = makeba;
		};
		5BBABE5524CDA01200C3A22C /* PBXContainerItemProxy */ = {
			isa = PBXContainerItemProxy;
			containerPortal = 5BBABE2B24CDA01100C3A22C /* Project object */;
			proxyType = 1;
			remoteGlobalIDString = 5BBABE3224CDA01100C3A22C;
			remoteInfo = makeba;
		};
		5BF5386F24DFC4EC004B513D /* PBXContainerItemProxy */ = {
			isa = PBXContainerItemProxy;
			containerPortal = 5BBABE2B24CDA01100C3A22C /* Project object */;
			proxyType = 1;
			remoteGlobalIDString = 5BF5386424DFC4EC004B513D;
			remoteInfo = Data;
		};
		5BF5387124DFC4EC004B513D /* PBXContainerItemProxy */ = {
			isa = PBXContainerItemProxy;
			containerPortal = 5BBABE2B24CDA01100C3A22C /* Project object */;
			proxyType = 1;
			remoteGlobalIDString = 5BBABE3224CDA01100C3A22C;
			remoteInfo = makeba;
		};
		5BF5387824DFC4EC004B513D /* PBXContainerItemProxy */ = {
			isa = PBXContainerItemProxy;
			containerPortal = 5BBABE2B24CDA01100C3A22C /* Project object */;
			proxyType = 1;
			remoteGlobalIDString = 5BF5386424DFC4EC004B513D;
			remoteInfo = Data;
		};
/* End PBXContainerItemProxy section */

/* Begin PBXCopyFilesBuildPhase section */
		5B960D5524D32A2B00E7850D /* Embed Frameworks */ = {
			isa = PBXCopyFilesBuildPhase;
			buildActionMask = 2147483647;
			dstPath = "";
			dstSubfolderSpec = 10;
			files = (
				5BF5387B24DFC4EC004B513D /* Data.framework in Embed Frameworks */,
			);
			name = "Embed Frameworks";
			runOnlyForDeploymentPostprocessing = 0;
		};
/* End PBXCopyFilesBuildPhase section */

/* Begin PBXFileReference section */
		0C51DB8F7DDA033554468517 /* Pods-makeba.debug.xcconfig */ = {isa = PBXFileReference; includeInIndex = 1; lastKnownFileType = text.xcconfig; name = "Pods-makeba.debug.xcconfig"; path = "Target Support Files/Pods-makeba/Pods-makeba.debug.xcconfig"; sourceTree = "<group>"; };
		0C6B90F469C0212F3CE1BD65 /* Pods-makeba.release.xcconfig */ = {isa = PBXFileReference; includeInIndex = 1; lastKnownFileType = text.xcconfig; name = "Pods-makeba.release.xcconfig"; path = "Target Support Files/Pods-makeba/Pods-makeba.release.xcconfig"; sourceTree = "<group>"; };
		148B8ED5FAB41706F40F33C4 /* Pods-makeba-makebaUITests.release.xcconfig */ = {isa = PBXFileReference; includeInIndex = 1; lastKnownFileType = text.xcconfig; name = "Pods-makeba-makebaUITests.release.xcconfig"; path = "Target Support Files/Pods-makeba-makebaUITests/Pods-makeba-makebaUITests.release.xcconfig"; sourceTree = "<group>"; };
		188CB3227B2267638DB93B0F /* Pods_makeba.framework */ = {isa = PBXFileReference; explicitFileType = wrapper.framework; includeInIndex = 0; path = Pods_makeba.framework; sourceTree = BUILT_PRODUCTS_DIR; };
		1FB4708D2203B8182C5683FF /* Pods-makebaTests.release.xcconfig */ = {isa = PBXFileReference; includeInIndex = 1; lastKnownFileType = text.xcconfig; name = "Pods-makebaTests.release.xcconfig"; path = "Target Support Files/Pods-makebaTests/Pods-makebaTests.release.xcconfig"; sourceTree = "<group>"; };
		3780417EF95D9A8C53623609 /* Pods-makebaTests.debug.xcconfig */ = {isa = PBXFileReference; includeInIndex = 1; lastKnownFileType = text.xcconfig; name = "Pods-makebaTests.debug.xcconfig"; path = "Target Support Files/Pods-makebaTests/Pods-makebaTests.debug.xcconfig"; sourceTree = "<group>"; };
		44F20E08459B0482E53E827E /* Pods-Data.release.xcconfig */ = {isa = PBXFileReference; includeInIndex = 1; lastKnownFileType = text.xcconfig; name = "Pods-Data.release.xcconfig"; path = "Target Support Files/Pods-Data/Pods-Data.release.xcconfig"; sourceTree = "<group>"; };
		5B12E9452505EF1600647C60 /* StatsContainer.swift */ = {isa = PBXFileReference; lastKnownFileType = sourcecode.swift; path = StatsContainer.swift; sourceTree = "<group>"; };
		5B12E94725067AAB00647C60 /* NetworkResponse.swift */ = {isa = PBXFileReference; lastKnownFileType = sourcecode.swift; path = NetworkResponse.swift; sourceTree = "<group>"; };
		5B12E94A2506996100647C60 /* StatusCode.swift */ = {isa = PBXFileReference; lastKnownFileType = sourcecode.swift; path = StatusCode.swift; sourceTree = "<group>"; };
		5B219A1B24F96DB900FD80B0 /* Requests.swift */ = {isa = PBXFileReference; lastKnownFileType = sourcecode.swift; path = Requests.swift; sourceTree = "<group>"; };
		5B219A1D24F96DEA00FD80B0 /* Preference.swift */ = {isa = PBXFileReference; lastKnownFileType = sourcecode.swift; path = Preference.swift; sourceTree = "<group>"; };
		5B219A1F24F96EED00FD80B0 /* DataLayer.swift */ = {isa = PBXFileReference; lastKnownFileType = sourcecode.swift; path = DataLayer.swift; sourceTree = "<group>"; };
		5B219A2324F9766300FD80B0 /* Server.swift */ = {isa = PBXFileReference; lastKnownFileType = sourcecode.swift; path = Server.swift; sourceTree = "<group>"; };
		5B219A2F24FABE6700FD80B0 /* ServerCase.swift */ = {isa = PBXFileReference; lastKnownFileType = sourcecode.swift; path = ServerCase.swift; sourceTree = "<group>"; };
		5B219A4324FBCBCE00FD80B0 /* CoreDataStack.swift */ = {isa = PBXFileReference; lastKnownFileType = sourcecode.swift; path = CoreDataStack.swift; sourceTree = "<group>"; };
		5B219A4624FBD8AA00FD80B0 /* ServerEntityCase.swift */ = {isa = PBXFileReference; lastKnownFileType = sourcecode.swift; path = ServerEntityCase.swift; sourceTree = "<group>"; };
		5B219A4924FBDC3200FD80B0 /* BaseCase.swift */ = {isa = PBXFileReference; lastKnownFileType = sourcecode.swift; path = BaseCase.swift; sourceTree = "<group>"; };
		5B219A4B24FBE47300FD80B0 /* BaseEntityCase.swift */ = {isa = PBXFileReference; lastKnownFileType = sourcecode.swift; path = BaseEntityCase.swift; sourceTree = "<group>"; };
		5B27AF65250E2776001577CC /* NetworkError.swift */ = {isa = PBXFileReference; lastKnownFileType = sourcecode.swift; path = NetworkError.swift; sourceTree = "<group>"; };
		5B53AA2E24D52C120051C296 /* R.generated.swift */ = {isa = PBXFileReference; fileEncoding = 4; lastKnownFileType = sourcecode.swift; path = R.generated.swift; sourceTree = SOURCE_ROOT; };
		5B59AD65250530AD00397FF5 /* StatCase.swift */ = {isa = PBXFileReference; lastKnownFileType = sourcecode.swift; path = StatCase.swift; sourceTree = "<group>"; };
		5BA987BA2504F8CC0015104E /* Responses.swift */ = {isa = PBXFileReference; lastKnownFileType = sourcecode.swift; path = Responses.swift; sourceTree = "<group>"; };
		5BACE48C24FFE66A003EB2BE /* NetworkStatus.swift */ = {isa = PBXFileReference; lastKnownFileType = sourcecode.swift; path = NetworkStatus.swift; sourceTree = "<group>"; };
		5BACE48F24FFE793003EB2BE /* BaseResponse.swift */ = {isa = PBXFileReference; lastKnownFileType = sourcecode.swift; path = BaseResponse.swift; sourceTree = "<group>"; };
		5BACE49424FFE817003EB2BE /* DBStatus.swift */ = {isa = PBXFileReference; lastKnownFileType = sourcecode.swift; path = DBStatus.swift; sourceTree = "<group>"; };
		5BBABE3324CDA01100C3A22C /* Makeba.app */ = {isa = PBXFileReference; explicitFileType = wrapper.application; includeInIndex = 0; path = Makeba.app; sourceTree = BUILT_PRODUCTS_DIR; };
		5BBABE3624CDA01100C3A22C /* AppDelegate.swift */ = {isa = PBXFileReference; lastKnownFileType = sourcecode.swift; path = AppDelegate.swift; sourceTree = "<group>"; };
		5BBABE3824CDA01100C3A22C /* SceneDelegate.swift */ = {isa = PBXFileReference; lastKnownFileType = sourcecode.swift; path = SceneDelegate.swift; sourceTree = "<group>"; };
		5BBABE3F24CDA01200C3A22C /* Assets.xcassets */ = {isa = PBXFileReference; lastKnownFileType = folder.assetcatalog; path = Assets.xcassets; sourceTree = "<group>"; };
		5BBABE4424CDA01200C3A22C /* Info.plist */ = {isa = PBXFileReference; lastKnownFileType = text.plist.xml; path = Info.plist; sourceTree = "<group>"; };
		5BBABE4924CDA01200C3A22C /* makebaTests.xctest */ = {isa = PBXFileReference; explicitFileType = wrapper.cfbundle; includeInIndex = 0; path = makebaTests.xctest; sourceTree = BUILT_PRODUCTS_DIR; };
		5BBABE4D24CDA01200C3A22C /* makebaTests.swift */ = {isa = PBXFileReference; lastKnownFileType = sourcecode.swift; path = makebaTests.swift; sourceTree = "<group>"; };
		5BBABE4F24CDA01200C3A22C /* Info.plist */ = {isa = PBXFileReference; lastKnownFileType = text.plist.xml; path = Info.plist; sourceTree = "<group>"; };
		5BBABE5424CDA01200C3A22C /* makebaUITests.xctest */ = {isa = PBXFileReference; explicitFileType = wrapper.cfbundle; includeInIndex = 0; path = makebaUITests.xctest; sourceTree = BUILT_PRODUCTS_DIR; };
		5BBABE5824CDA01200C3A22C /* makebaUITests.swift */ = {isa = PBXFileReference; lastKnownFileType = sourcecode.swift; path = makebaUITests.swift; sourceTree = "<group>"; };
		5BBABE5A24CDA01200C3A22C /* Info.plist */ = {isa = PBXFileReference; lastKnownFileType = text.plist.xml; path = Info.plist; sourceTree = "<group>"; };
		5BBD27DF24FEC6420022994D /* Binding.swift */ = {isa = PBXFileReference; lastKnownFileType = sourcecode.swift; path = Binding.swift; sourceTree = "<group>"; };
		5BBD27E124FF57B90022994D /* UIMTextField.swift */ = {isa = PBXFileReference; lastKnownFileType = sourcecode.swift; path = UIMTextField.swift; sourceTree = "<group>"; };
		5BC038E22501FE6100E7BADE /* QueryError.swift */ = {isa = PBXFileReference; lastKnownFileType = sourcecode.swift; path = QueryError.swift; sourceTree = "<group>"; };
		5BC29857250E6FFC0067A949 /* ServerEntity+CoreDataProperties.swift */ = {isa = PBXFileReference; fileEncoding = 4; lastKnownFileType = sourcecode.swift; path = "ServerEntity+CoreDataProperties.swift"; sourceTree = "<group>"; };
		5BC29858250E6FFC0067A949 /* ServerEntity+CoreDataClass.swift */ = {isa = PBXFileReference; fileEncoding = 4; lastKnownFileType = sourcecode.swift; path = "ServerEntity+CoreDataClass.swift"; sourceTree = "<group>"; };
		5BC29861250E72120067A949 /* Model.xcdatamodel */ = {isa = PBXFileReference; lastKnownFileType = wrapper.xcdatamodel; path = Model.xcdatamodel; sourceTree = "<group>"; };
		5BCAE60E24D68FEA0002945B /* TabBarController.swift */ = {isa = PBXFileReference; lastKnownFileType = sourcecode.swift; path = TabBarController.swift; sourceTree = "<group>"; };
		5BCB7E9A24D88DB100618676 /* AddServerViewModel.swift */ = {isa = PBXFileReference; lastKnownFileType = sourcecode.swift; path = AddServerViewModel.swift; sourceTree = "<group>"; };
		5BCB7E9C24D88DBC00618676 /* AddServerView.swift */ = {isa = PBXFileReference; lastKnownFileType = sourcecode.swift; path = AddServerView.swift; sourceTree = "<group>"; };
		5BCC3BBF24D1F42500A7C7DA /* NavigationRule.swift */ = {isa = PBXFileReference; lastKnownFileType = sourcecode.swift; path = NavigationRule.swift; sourceTree = "<group>"; };
		5BCC3BC124D1F4A800A7C7DA /* ViewControllers.swift */ = {isa = PBXFileReference; lastKnownFileType = sourcecode.swift; path = ViewControllers.swift; sourceTree = "<group>"; };
		5BD4913524D6933000BF0C8A /* ServerListViewController.swift */ = {isa = PBXFileReference; lastKnownFileType = sourcecode.swift; path = ServerListViewController.swift; sourceTree = "<group>"; };
		5BD4913724D6933900BF0C8A /* StatsViewController.swift */ = {isa = PBXFileReference; lastKnownFileType = sourcecode.swift; path = StatsViewController.swift; sourceTree = "<group>"; };
		5BD4913924D6934200BF0C8A /* AddServerViewController.swift */ = {isa = PBXFileReference; lastKnownFileType = sourcecode.swift; path = AddServerViewController.swift; sourceTree = "<group>"; };
		5BD4913B24D6935300BF0C8A /* AboutAppViewController.swift */ = {isa = PBXFileReference; lastKnownFileType = sourcecode.swift; path = AboutAppViewController.swift; sourceTree = "<group>"; };
		5BD4913D24D6936100BF0C8A /* AuthorizeViewController.swift */ = {isa = PBXFileReference; lastKnownFileType = sourcecode.swift; path = AuthorizeViewController.swift; sourceTree = "<group>"; };
		5BD4914024D696DF00BF0C8A /* BaseViewController.swift */ = {isa = PBXFileReference; lastKnownFileType = sourcecode.swift; path = BaseViewController.swift; sourceTree = "<group>"; };
		5BD4914224D6971C00BF0C8A /* BaseViewModel.swift */ = {isa = PBXFileReference; lastKnownFileType = sourcecode.swift; path = BaseViewModel.swift; sourceTree = "<group>"; };
		5BD4914424D699E800BF0C8A /* ServerListViewModel.swift */ = {isa = PBXFileReference; lastKnownFileType = sourcecode.swift; path = ServerListViewModel.swift; sourceTree = "<group>"; };
		5BD4914624D6A2A300BF0C8A /* ServerListView.swift */ = {isa = PBXFileReference; lastKnownFileType = sourcecode.swift; path = ServerListView.swift; sourceTree = "<group>"; };
		5BD4914924D6EFB900BF0C8A /* ServerInfoTableViewCell.swift */ = {isa = PBXFileReference; lastKnownFileType = sourcecode.swift; path = ServerInfoTableViewCell.swift; sourceTree = "<group>"; };
		5BDEE33524D45766000B5AF3 /* Base */ = {isa = PBXFileReference; lastKnownFileType = file.storyboard; name = Base; path = Base.lproj/LaunchScreen.storyboard; sourceTree = "<group>"; };
		5BDEE33724D45782000B5AF3 /* en */ = {isa = PBXFileReference; lastKnownFileType = text.plist.strings; name = en; path = en.lproj/Localization.strings; sourceTree = "<group>"; };
		5BDEE33924D457A0000B5AF3 /* ru */ = {isa = PBXFileReference; lastKnownFileType = text.plist.strings; name = ru; path = ru.lproj/Localization.strings; sourceTree = "<group>"; };
		5BF5385C24DF270F004B513D /* StatsView.swift */ = {isa = PBXFileReference; lastKnownFileType = sourcecode.swift; path = StatsView.swift; sourceTree = "<group>"; };
		5BF5385E24DF271A004B513D /* StatsViewModel.swift */ = {isa = PBXFileReference; lastKnownFileType = sourcecode.swift; path = StatsViewModel.swift; sourceTree = "<group>"; };
		5BF5386524DFC4EC004B513D /* Data.framework */ = {isa = PBXFileReference; explicitFileType = wrapper.framework; includeInIndex = 0; path = Data.framework; sourceTree = BUILT_PRODUCTS_DIR; };
		5BF5386724DFC4EC004B513D /* Data.h */ = {isa = PBXFileReference; lastKnownFileType = sourcecode.c.h; path = Data.h; sourceTree = "<group>"; };
		5BF5386824DFC4EC004B513D /* Info.plist */ = {isa = PBXFileReference; lastKnownFileType = text.plist.xml; path = Info.plist; sourceTree = "<group>"; };
		5BF5386D24DFC4EC004B513D /* DataTests.xctest */ = {isa = PBXFileReference; explicitFileType = wrapper.cfbundle; includeInIndex = 0; path = DataTests.xctest; sourceTree = BUILT_PRODUCTS_DIR; };
		5BF5387424DFC4EC004B513D /* DataTests.swift */ = {isa = PBXFileReference; lastKnownFileType = sourcecode.swift; path = DataTests.swift; sourceTree = "<group>"; };
		5BF5387624DFC4EC004B513D /* Info.plist */ = {isa = PBXFileReference; lastKnownFileType = text.plist.xml; path = Info.plist; sourceTree = "<group>"; };
		5BFF260924E1BDEB00C83286 /* CoreData.framework */ = {isa = PBXFileReference; lastKnownFileType = wrapper.framework; name = CoreData.framework; path = Platforms/MacOSX.platform/Developer/SDKs/MacOSX10.15.sdk/System/Library/Frameworks/CoreData.framework; sourceTree = DEVELOPER_DIR; };
		711DAB4CE8B55EAA69D8FF0B /* Pods_Data.framework */ = {isa = PBXFileReference; explicitFileType = wrapper.framework; includeInIndex = 0; path = Pods_Data.framework; sourceTree = BUILT_PRODUCTS_DIR; };
		713810359CF14BAD932AB15E /* Pods-Data.debug.xcconfig */ = {isa = PBXFileReference; includeInIndex = 1; lastKnownFileType = text.xcconfig; name = "Pods-Data.debug.xcconfig"; path = "Target Support Files/Pods-Data/Pods-Data.debug.xcconfig"; sourceTree = "<group>"; };
		9D46BFAEB437F0A1127E7F86 /* Pods-Data-DataTests.release.xcconfig */ = {isa = PBXFileReference; includeInIndex = 1; lastKnownFileType = text.xcconfig; name = "Pods-Data-DataTests.release.xcconfig"; path = "Target Support Files/Pods-Data-DataTests/Pods-Data-DataTests.release.xcconfig"; sourceTree = "<group>"; };
		A2E388F9281743674BDC9BAD /* Pods-Data-DataTests.debug.xcconfig */ = {isa = PBXFileReference; includeInIndex = 1; lastKnownFileType = text.xcconfig; name = "Pods-Data-DataTests.debug.xcconfig"; path = "Target Support Files/Pods-Data-DataTests/Pods-Data-DataTests.debug.xcconfig"; sourceTree = "<group>"; };
		B741C19E08B63B75FDC9A22E /* Pods_makebaTests.framework */ = {isa = PBXFileReference; explicitFileType = wrapper.framework; includeInIndex = 0; path = Pods_makebaTests.framework; sourceTree = BUILT_PRODUCTS_DIR; };
		D32AFA1B1F35A1A1DD96C08B /* Pods_Data_DataTests.framework */ = {isa = PBXFileReference; explicitFileType = wrapper.framework; includeInIndex = 0; path = Pods_Data_DataTests.framework; sourceTree = BUILT_PRODUCTS_DIR; };
		D6FBF8F96E439EB0AEAF6622 /* Pods_makeba_makebaUITests.framework */ = {isa = PBXFileReference; explicitFileType = wrapper.framework; includeInIndex = 0; path = Pods_makeba_makebaUITests.framework; sourceTree = BUILT_PRODUCTS_DIR; };
		DC172A7CFEDCDD78C2706262 /* Pods-makeba-makebaUITests.debug.xcconfig */ = {isa = PBXFileReference; includeInIndex = 1; lastKnownFileType = text.xcconfig; name = "Pods-makeba-makebaUITests.debug.xcconfig"; path = "Target Support Files/Pods-makeba-makebaUITests/Pods-makeba-makebaUITests.debug.xcconfig"; sourceTree = "<group>"; };
/* End PBXFileReference section */

/* Begin PBXFrameworksBuildPhase section */
		5BBABE3024CDA01100C3A22C /* Frameworks */ = {
			isa = PBXFrameworksBuildPhase;
			buildActionMask = 2147483647;
			files = (
				5BF5387A24DFC4EC004B513D /* Data.framework in Frameworks */,
				C9B6C2FAC3F8E716EC9B7027 /* Pods_makeba.framework in Frameworks */,
			);
			runOnlyForDeploymentPostprocessing = 0;
		};
		5BBABE4624CDA01200C3A22C /* Frameworks */ = {
			isa = PBXFrameworksBuildPhase;
			buildActionMask = 2147483647;
			files = (
				D13D114CEC0CF103533B1761 /* Pods_makebaTests.framework in Frameworks */,
			);
			runOnlyForDeploymentPostprocessing = 0;
		};
		5BBABE5124CDA01200C3A22C /* Frameworks */ = {
			isa = PBXFrameworksBuildPhase;
			buildActionMask = 2147483647;
			files = (
				5149386B86D4C2A3F796669C /* Pods_makeba_makebaUITests.framework in Frameworks */,
			);
			runOnlyForDeploymentPostprocessing = 0;
		};
		5BF5386224DFC4EC004B513D /* Frameworks */ = {
			isa = PBXFrameworksBuildPhase;
			buildActionMask = 2147483647;
			files = (
				5BFF260A24E1BDEB00C83286 /* CoreData.framework in Frameworks */,
				9CDAD62319930A28AAC5B080 /* Pods_Data.framework in Frameworks */,
			);
			runOnlyForDeploymentPostprocessing = 0;
		};
		5BF5386A24DFC4EC004B513D /* Frameworks */ = {
			isa = PBXFrameworksBuildPhase;
			buildActionMask = 2147483647;
			files = (
				5BF5386E24DFC4EC004B513D /* Data.framework in Frameworks */,
				CE1FD8712841455843F5D164 /* Pods_Data_DataTests.framework in Frameworks */,
			);
			runOnlyForDeploymentPostprocessing = 0;
		};
/* End PBXFrameworksBuildPhase section */

/* Begin PBXGroup section */
		5B12E9492506995500647C60 /* Utils */ = {
			isa = PBXGroup;
			children = (
				5B12E94A2506996100647C60 /* StatusCode.swift */,
			);
			path = Utils;
			sourceTree = "<group>";
		};
		5B219A1124F9666700FD80B0 /* DB */ = {
			isa = PBXGroup;
			children = (
				5BACE49124FFE7DF003EB2BE /* Status */,
				5B219A4224FAC16C00FD80B0 /* Stack */,
				5B219A4124FAC16500FD80B0 /* Entities */,
				5B219A4524FBD74D00FD80B0 /* UseCase */,
			);
			path = DB;
			sourceTree = "<group>";
		};
		5B219A1224F9667A00FD80B0 /* Network */ = {
			isa = PBXGroup;
			children = (
				5B12E9492506995500647C60 /* Utils */,
				5BACE49224FFE7F3003EB2BE /* Status */,
				5B219A1824F96D4B00FD80B0 /* Requests */,
				5B219A1524F96A9A00FD80B0 /* Models */,
			);
			path = Network;
			sourceTree = "<group>";
		};
		5B219A1324F9668300FD80B0 /* Preference */ = {
			isa = PBXGroup;
			children = (
				5B219A1D24F96DEA00FD80B0 /* Preference.swift */,
			);
			path = Preference;
			sourceTree = "<group>";
		};
		5B219A1524F96A9A00FD80B0 /* Models */ = {
			isa = PBXGroup;
			children = (
				5B219A1724F96AA800FD80B0 /* Response */,
				5B219A1624F96AA000FD80B0 /* Request */,
				5B12E94725067AAB00647C60 /* NetworkResponse.swift */,
				5B27AF65250E2776001577CC /* NetworkError.swift */,
			);
			path = Models;
			sourceTree = "<group>";
		};
		5B219A1624F96AA000FD80B0 /* Request */ = {
			isa = PBXGroup;
			children = (
			);
			path = Request;
			sourceTree = "<group>";
		};
		5B219A1724F96AA800FD80B0 /* Response */ = {
			isa = PBXGroup;
			children = (
				5BACE48F24FFE793003EB2BE /* BaseResponse.swift */,
				5BA987BA2504F8CC0015104E /* Responses.swift */,
			);
			path = Response;
			sourceTree = "<group>";
		};
		5B219A1824F96D4B00FD80B0 /* Requests */ = {
			isa = PBXGroup;
			children = (
				5B219A1B24F96DB900FD80B0 /* Requests.swift */,
			);
			path = Requests;
			sourceTree = "<group>";
		};
		5B219A2124F975EF00FD80B0 /* Models */ = {
			isa = PBXGroup;
			children = (
				5B219A2324F9766300FD80B0 /* Server.swift */,
				5BC038E22501FE6100E7BADE /* QueryError.swift */,
				5B12E9452505EF1600647C60 /* StatsContainer.swift */,
			);
			path = Models;
			sourceTree = "<group>";
		};
		5B219A2C24FABDF700FD80B0 /* UseCase */ = {
			isa = PBXGroup;
			children = (
				5B219A4824FBDC2100FD80B0 /* BaseCase */,
				5B219A2E24FABE0900FD80B0 /* Stats */,
				5B219A2D24FABDFF00FD80B0 /* Server */,
			);
			path = UseCase;
			sourceTree = "<group>";
		};
		5B219A2D24FABDFF00FD80B0 /* Server */ = {
			isa = PBXGroup;
			children = (
				5B219A2F24FABE6700FD80B0 /* ServerCase.swift */,
			);
			path = Server;
			sourceTree = "<group>";
		};
		5B219A2E24FABE0900FD80B0 /* Stats */ = {
			isa = PBXGroup;
			children = (
				5B59AD65250530AD00397FF5 /* StatCase.swift */,
			);
			path = Stats;
			sourceTree = "<group>";
		};
		5B219A4124FAC16500FD80B0 /* Entities */ = {
			isa = PBXGroup;
			children = (
				5BC29858250E6FFC0067A949 /* ServerEntity+CoreDataClass.swift */,
				5BC29857250E6FFC0067A949 /* ServerEntity+CoreDataProperties.swift */,
			);
			path = Entities;
			sourceTree = "<group>";
		};
		5B219A4224FAC16C00FD80B0 /* Stack */ = {
			isa = PBXGroup;
			children = (
				5B219A4324FBCBCE00FD80B0 /* CoreDataStack.swift */,
			);
			path = Stack;
			sourceTree = "<group>";
		};
		5B219A4524FBD74D00FD80B0 /* UseCase */ = {
			isa = PBXGroup;
			children = (
				5B219A4624FBD8AA00FD80B0 /* ServerEntityCase.swift */,
				5B219A4B24FBE47300FD80B0 /* BaseEntityCase.swift */,
			);
			path = UseCase;
			sourceTree = "<group>";
		};
		5B219A4824FBDC2100FD80B0 /* BaseCase */ = {
			isa = PBXGroup;
			children = (
				5B219A4924FBDC3200FD80B0 /* BaseCase.swift */,
			);
			path = BaseCase;
			sourceTree = "<group>";
		};
		5B53AA2B24D52BDB0051C296 /* Resources */ = {
			isa = PBXGroup;
			children = (
				5B53AA2E24D52C120051C296 /* R.generated.swift */,
			);
			path = Resources;
			sourceTree = "<group>";
		};
		5BACE49124FFE7DF003EB2BE /* Status */ = {
			isa = PBXGroup;
			children = (
				5BACE49424FFE817003EB2BE /* DBStatus.swift */,
			);
			path = Status;
			sourceTree = "<group>";
		};
		5BACE49224FFE7F3003EB2BE /* Status */ = {
			isa = PBXGroup;
			children = (
				5BACE48C24FFE66A003EB2BE /* NetworkStatus.swift */,
			);
			path = Status;
			sourceTree = "<group>";
		};
		5BACE49624FFE9D3003EB2BE /* Storages */ = {
			isa = PBXGroup;
			children = (
				5B219A1324F9668300FD80B0 /* Preference */,
				5B219A1224F9667A00FD80B0 /* Network */,
				5B219A1124F9666700FD80B0 /* DB */,
				5BC29860250E72120067A949 /* Model.xcdatamodeld */,
			);
			path = Storages;
			sourceTree = "<group>";
		};
		5BBABE2A24CDA01100C3A22C = {
			isa = PBXGroup;
			children = (
				5BBABE3524CDA01100C3A22C /* makeba */,
				5BBABE4C24CDA01200C3A22C /* makebaTests */,
				5BBABE5724CDA01200C3A22C /* makebaUITests */,
				5BF5386624DFC4EC004B513D /* Data */,
				5BF5387324DFC4EC004B513D /* DataTests */,
				5BBABE3424CDA01100C3A22C /* Products */,
				BABDF36AF2B8C83ED3C4B9F9 /* Pods */,
				70ED656271621F509858388E /* Frameworks */,
			);
			sourceTree = "<group>";
		};
		5BBABE3424CDA01100C3A22C /* Products */ = {
			isa = PBXGroup;
			children = (
				5BBABE3324CDA01100C3A22C /* Makeba.app */,
				5BBABE4924CDA01200C3A22C /* makebaTests.xctest */,
				5BBABE5424CDA01200C3A22C /* makebaUITests.xctest */,
				5BF5386524DFC4EC004B513D /* Data.framework */,
				5BF5386D24DFC4EC004B513D /* DataTests.xctest */,
			);
			name = Products;
			sourceTree = "<group>";
		};
		5BBABE3524CDA01100C3A22C /* makeba */ = {
			isa = PBXGroup;
			children = (
				5B53AA2B24D52BDB0051C296 /* Resources */,
				5BDEE32F24D45402000B5AF3 /* Utils */,
				5BCC3BBE24D1F3F800A7C7DA /* NavigationRule */,
				5BD4912E24D692E200BF0C8A /* Views */,
				5BCC3BBD24D1F3EE00A7C7DA /* Pages */,
				5BBABE3624CDA01100C3A22C /* AppDelegate.swift */,
				5BBABE3824CDA01100C3A22C /* SceneDelegate.swift */,
				5BBABE3F24CDA01200C3A22C /* Assets.xcassets */,
				5BBABE4124CDA01200C3A22C /* LaunchScreen.storyboard */,
				5BBABE4424CDA01200C3A22C /* Info.plist */,
				5BDEE33824D45782000B5AF3 /* Localization.strings */,
			);
			path = makeba;
			sourceTree = "<group>";
		};
		5BBABE4C24CDA01200C3A22C /* makebaTests */ = {
			isa = PBXGroup;
			children = (
				5BBABE4D24CDA01200C3A22C /* makebaTests.swift */,
				5BBABE4F24CDA01200C3A22C /* Info.plist */,
			);
			path = makebaTests;
			sourceTree = "<group>";
		};
		5BBABE5724CDA01200C3A22C /* makebaUITests */ = {
			isa = PBXGroup;
			children = (
				5BBABE5824CDA01200C3A22C /* makebaUITests.swift */,
				5BBABE5A24CDA01200C3A22C /* Info.plist */,
			);
			path = makebaUITests;
			sourceTree = "<group>";
		};
		5BBD27DD24FEC6200022994D /* Rx */ = {
			isa = PBXGroup;
			children = (
				5BBD27DF24FEC6420022994D /* Binding.swift */,
			);
			path = Rx;
			sourceTree = "<group>";
		};
		5BC7D9D724D6F8E40037BC59 /* Extensions */ = {
			isa = PBXGroup;
			children = (
			);
			path = Extensions;
			sourceTree = "<group>";
		};
		5BCAE60624D68F750002945B /* TabBar */ = {
			isa = PBXGroup;
			children = (
				5BCAE60E24D68FEA0002945B /* TabBarController.swift */,
			);
			path = TabBar;
			sourceTree = "<group>";
		};
		5BCAE60824D68F840002945B /* ServerList */ = {
			isa = PBXGroup;
			children = (
				5BD4913524D6933000BF0C8A /* ServerListViewController.swift */,
				5BD4914424D699E800BF0C8A /* ServerListViewModel.swift */,
				5BD4914624D6A2A300BF0C8A /* ServerListView.swift */,
			);
			path = ServerList;
			sourceTree = "<group>";
		};
		5BCAE60924D68F8F0002945B /* Stats */ = {
			isa = PBXGroup;
			children = (
				5BD4913724D6933900BF0C8A /* StatsViewController.swift */,
				5BF5385E24DF271A004B513D /* StatsViewModel.swift */,
				5BF5385C24DF270F004B513D /* StatsView.swift */,
			);
			path = Stats;
			sourceTree = "<group>";
		};
		5BCAE60A24D68F940002945B /* AddServer */ = {
			isa = PBXGroup;
			children = (
				5BD4913924D6934200BF0C8A /* AddServerViewController.swift */,
				5BCB7E9A24D88DB100618676 /* AddServerViewModel.swift */,
				5BCB7E9C24D88DBC00618676 /* AddServerView.swift */,
			);
			path = AddServer;
			sourceTree = "<group>";
		};
		5BCAE60B24D68F9A0002945B /* AboutApp */ = {
			isa = PBXGroup;
			children = (
				5BD4913B24D6935300BF0C8A /* AboutAppViewController.swift */,
			);
			path = AboutApp;
			sourceTree = "<group>";
		};
		5BCAE60C24D68FA60002945B /* Authorize */ = {
			isa = PBXGroup;
			children = (
				5BD4913D24D6936100BF0C8A /* AuthorizeViewController.swift */,
			);
			path = Authorize;
			sourceTree = "<group>";
		};
		5BCC3BBD24D1F3EE00A7C7DA /* Pages */ = {
			isa = PBXGroup;
			children = (
				5BDEE32E24D453EB000B5AF3 /* Base */,
				5BCAE60C24D68FA60002945B /* Authorize */,
				5BCAE60B24D68F9A0002945B /* AboutApp */,
				5BCAE60A24D68F940002945B /* AddServer */,
				5BCAE60924D68F8F0002945B /* Stats */,
				5BCAE60824D68F840002945B /* ServerList */,
				5BCAE60624D68F750002945B /* TabBar */,
			);
			path = Pages;
			sourceTree = "<group>";
		};
		5BCC3BBE24D1F3F800A7C7DA /* NavigationRule */ = {
			isa = PBXGroup;
			children = (
				5BCC3BBF24D1F42500A7C7DA /* NavigationRule.swift */,
				5BCC3BC124D1F4A800A7C7DA /* ViewControllers.swift */,
			);
			path = NavigationRule;
			sourceTree = "<group>";
		};
		5BD4912E24D692E200BF0C8A /* Views */ = {
			isa = PBXGroup;
			children = (
				5BF5388224DFC6AC004B513D /* Custom */,
				5BC7D9D724D6F8E40037BC59 /* Extensions */,
				5BD4913024D692F500BF0C8A /* TableView */,
				5BD4912F24D692EB00BF0C8A /* CollectionView */,
			);
			path = Views;
			sourceTree = "<group>";
		};
		5BD4912F24D692EB00BF0C8A /* CollectionView */ = {
			isa = PBXGroup;
			children = (
				5BD4913424D6930B00BF0C8A /* Cell */,
			);
			path = CollectionView;
			sourceTree = "<group>";
		};
		5BD4913024D692F500BF0C8A /* TableView */ = {
			isa = PBXGroup;
			children = (
				5BD4913324D6930500BF0C8A /* Header */,
				5BD4913224D6930100BF0C8A /* Cell */,
				5BD4913124D692F900BF0C8A /* Footer */,
			);
			path = TableView;
			sourceTree = "<group>";
		};
		5BD4913124D692F900BF0C8A /* Footer */ = {
			isa = PBXGroup;
			children = (
			);
			path = Footer;
			sourceTree = "<group>";
		};
		5BD4913224D6930100BF0C8A /* Cell */ = {
			isa = PBXGroup;
			children = (
				5BD4914824D6EF8C00BF0C8A /* ServerInfo */,
			);
			path = Cell;
			sourceTree = "<group>";
		};
		5BD4913324D6930500BF0C8A /* Header */ = {
			isa = PBXGroup;
			children = (
			);
			path = Header;
			sourceTree = "<group>";
		};
		5BD4913424D6930B00BF0C8A /* Cell */ = {
			isa = PBXGroup;
			children = (
			);
			path = Cell;
			sourceTree = "<group>";
		};
		5BD4914824D6EF8C00BF0C8A /* ServerInfo */ = {
			isa = PBXGroup;
			children = (
				5BD4914924D6EFB900BF0C8A /* ServerInfoTableViewCell.swift */,
			);
			path = ServerInfo;
			sourceTree = "<group>";
		};
		5BDEE32E24D453EB000B5AF3 /* Base */ = {
			isa = PBXGroup;
			children = (
				5BD4914024D696DF00BF0C8A /* BaseViewController.swift */,
				5BD4914224D6971C00BF0C8A /* BaseViewModel.swift */,
			);
			path = Base;
			sourceTree = "<group>";
		};
		5BDEE32F24D45402000B5AF3 /* Utils */ = {
			isa = PBXGroup;
			children = (
				5BBD27DD24FEC6200022994D /* Rx */,
			);
			path = Utils;
			sourceTree = "<group>";
		};
		5BF5386624DFC4EC004B513D /* Data */ = {
			isa = PBXGroup;
			children = (
				5B219A2C24FABDF700FD80B0 /* UseCase */,
				5B219A2124F975EF00FD80B0 /* Models */,
				5BACE49624FFE9D3003EB2BE /* Storages */,
				5BF5386724DFC4EC004B513D /* Data.h */,
				5BF5386824DFC4EC004B513D /* Info.plist */,
				5B219A1F24F96EED00FD80B0 /* DataLayer.swift */,
			);
			path = Data;
			sourceTree = "<group>";
		};
		5BF5387324DFC4EC004B513D /* DataTests */ = {
			isa = PBXGroup;
			children = (
				5BF5387424DFC4EC004B513D /* DataTests.swift */,
				5BF5387624DFC4EC004B513D /* Info.plist */,
			);
			path = DataTests;
			sourceTree = "<group>";
		};
		5BF5388224DFC6AC004B513D /* Custom */ = {
			isa = PBXGroup;
			children = (
				5BBD27E124FF57B90022994D /* UIMTextField.swift */,
			);
			path = Custom;
			sourceTree = "<group>";
		};
		70ED656271621F509858388E /* Frameworks */ = {
			isa = PBXGroup;
			children = (
				5BFF260924E1BDEB00C83286 /* CoreData.framework */,
				711DAB4CE8B55EAA69D8FF0B /* Pods_Data.framework */,
				D32AFA1B1F35A1A1DD96C08B /* Pods_Data_DataTests.framework */,
				188CB3227B2267638DB93B0F /* Pods_makeba.framework */,
				D6FBF8F96E439EB0AEAF6622 /* Pods_makeba_makebaUITests.framework */,
				B741C19E08B63B75FDC9A22E /* Pods_makebaTests.framework */,
			);
			name = Frameworks;
			sourceTree = "<group>";
		};
		BABDF36AF2B8C83ED3C4B9F9 /* Pods */ = {
			isa = PBXGroup;
			children = (
				713810359CF14BAD932AB15E /* Pods-Data.debug.xcconfig */,
				44F20E08459B0482E53E827E /* Pods-Data.release.xcconfig */,
				A2E388F9281743674BDC9BAD /* Pods-Data-DataTests.debug.xcconfig */,
				9D46BFAEB437F0A1127E7F86 /* Pods-Data-DataTests.release.xcconfig */,
				0C51DB8F7DDA033554468517 /* Pods-makeba.debug.xcconfig */,
				0C6B90F469C0212F3CE1BD65 /* Pods-makeba.release.xcconfig */,
				DC172A7CFEDCDD78C2706262 /* Pods-makeba-makebaUITests.debug.xcconfig */,
				148B8ED5FAB41706F40F33C4 /* Pods-makeba-makebaUITests.release.xcconfig */,
				3780417EF95D9A8C53623609 /* Pods-makebaTests.debug.xcconfig */,
				1FB4708D2203B8182C5683FF /* Pods-makebaTests.release.xcconfig */,
			);
			path = Pods;
			sourceTree = "<group>";
		};
/* End PBXGroup section */

/* Begin PBXHeadersBuildPhase section */
		5BF5386024DFC4EC004B513D /* Headers */ = {
			isa = PBXHeadersBuildPhase;
			buildActionMask = 2147483647;
			files = (
				5BF5387724DFC4EC004B513D /* Data.h in Headers */,
			);
			runOnlyForDeploymentPostprocessing = 0;
		};
/* End PBXHeadersBuildPhase section */

/* Begin PBXNativeTarget section */
		5BBABE3224CDA01100C3A22C /* makeba */ = {
			isa = PBXNativeTarget;
			buildConfigurationList = 5BBABE5D24CDA01200C3A22C /* Build configuration list for PBXNativeTarget "makeba" */;
			buildPhases = (
				FD8660E410367EBD8DF89177 /* [CP] Check Pods Manifest.lock */,
				5B35223624D52AC90090078D /* ShellScript */,
				5BBABE2F24CDA01100C3A22C /* Sources */,
				5BBABE3024CDA01100C3A22C /* Frameworks */,
				5BBABE3124CDA01100C3A22C /* Resources */,
				5B960D5524D32A2B00E7850D /* Embed Frameworks */,
				CED19489059EE598464E9640 /* [CP] Embed Pods Frameworks */,
			);
			buildRules = (
			);
			dependencies = (
				5BF5387924DFC4EC004B513D /* PBXTargetDependency */,
			);
			name = makeba;
			productName = makeba;
			productReference = 5BBABE3324CDA01100C3A22C /* Makeba.app */;
			productType = "com.apple.product-type.application";
		};
		5BBABE4824CDA01200C3A22C /* makebaTests */ = {
			isa = PBXNativeTarget;
			buildConfigurationList = 5BBABE6024CDA01200C3A22C /* Build configuration list for PBXNativeTarget "makebaTests" */;
			buildPhases = (
				B2708BC8118949977D409981 /* [CP] Check Pods Manifest.lock */,
				5BBABE4524CDA01200C3A22C /* Sources */,
				5BBABE4624CDA01200C3A22C /* Frameworks */,
				5BBABE4724CDA01200C3A22C /* Resources */,
				78C01DD61A0188FBE840C07A /* [CP] Embed Pods Frameworks */,
			);
			buildRules = (
			);
			dependencies = (
				5BBABE4B24CDA01200C3A22C /* PBXTargetDependency */,
			);
			name = makebaTests;
			productName = makebaTests;
			productReference = 5BBABE4924CDA01200C3A22C /* makebaTests.xctest */;
			productType = "com.apple.product-type.bundle.unit-test";
		};
		5BBABE5324CDA01200C3A22C /* makebaUITests */ = {
			isa = PBXNativeTarget;
			buildConfigurationList = 5BBABE6324CDA01200C3A22C /* Build configuration list for PBXNativeTarget "makebaUITests" */;
			buildPhases = (
				A2BB52F7645436C0FC3F8FA6 /* [CP] Check Pods Manifest.lock */,
				5BBABE5024CDA01200C3A22C /* Sources */,
				5BBABE5124CDA01200C3A22C /* Frameworks */,
				5BBABE5224CDA01200C3A22C /* Resources */,
				DE8BAC6CC32351BB682BFCD4 /* [CP] Embed Pods Frameworks */,
			);
			buildRules = (
			);
			dependencies = (
				5BBABE5624CDA01200C3A22C /* PBXTargetDependency */,
			);
			name = makebaUITests;
			productName = makebaUITests;
			productReference = 5BBABE5424CDA01200C3A22C /* makebaUITests.xctest */;
			productType = "com.apple.product-type.bundle.ui-testing";
		};
		5BF5386424DFC4EC004B513D /* Data */ = {
			isa = PBXNativeTarget;
			buildConfigurationList = 5BF5387C24DFC4EC004B513D /* Build configuration list for PBXNativeTarget "Data" */;
			buildPhases = (
				9EB9A2928A4DA748525A3FDC /* [CP] Check Pods Manifest.lock */,
				5BF5386024DFC4EC004B513D /* Headers */,
				5BF5386124DFC4EC004B513D /* Sources */,
				5BF5386224DFC4EC004B513D /* Frameworks */,
				5BF5386324DFC4EC004B513D /* Resources */,
			);
			buildRules = (
			);
			dependencies = (
			);
			name = Data;
			productName = Data;
			productReference = 5BF5386524DFC4EC004B513D /* Data.framework */;
			productType = "com.apple.product-type.framework";
		};
		5BF5386C24DFC4EC004B513D /* DataTests */ = {
			isa = PBXNativeTarget;
			buildConfigurationList = 5BF5387F24DFC4EC004B513D /* Build configuration list for PBXNativeTarget "DataTests" */;
			buildPhases = (
				9A60E98F00F9750A46424275 /* [CP] Check Pods Manifest.lock */,
				5BF5386924DFC4EC004B513D /* Sources */,
				5BF5386A24DFC4EC004B513D /* Frameworks */,
				5BF5386B24DFC4EC004B513D /* Resources */,
				9B499BA3A6D35A62D6A83915 /* [CP] Embed Pods Frameworks */,
			);
			buildRules = (
			);
			dependencies = (
				5BF5387024DFC4EC004B513D /* PBXTargetDependency */,
				5BF5387224DFC4EC004B513D /* PBXTargetDependency */,
			);
			name = DataTests;
			productName = DataTests;
			productReference = 5BF5386D24DFC4EC004B513D /* DataTests.xctest */;
			productType = "com.apple.product-type.bundle.unit-test";
		};
/* End PBXNativeTarget section */

/* Begin PBXProject section */
		5BBABE2B24CDA01100C3A22C /* Project object */ = {
			isa = PBXProject;
			attributes = {
				LastSwiftUpdateCheck = 1160;
				LastUpgradeCheck = 1150;
				ORGANIZATIONNAME = GGsrvg;
				TargetAttributes = {
					5BBABE3224CDA01100C3A22C = {
						CreatedOnToolsVersion = 11.5;
					};
					5BBABE4824CDA01200C3A22C = {
						CreatedOnToolsVersion = 11.5;
						TestTargetID = 5BBABE3224CDA01100C3A22C;
					};
					5BBABE5324CDA01200C3A22C = {
						CreatedOnToolsVersion = 11.5;
						TestTargetID = 5BBABE3224CDA01100C3A22C;
					};
					5BF5386424DFC4EC004B513D = {
						CreatedOnToolsVersion = 11.6;
						LastSwiftMigration = 1160;
					};
					5BF5386C24DFC4EC004B513D = {
						CreatedOnToolsVersion = 11.6;
						TestTargetID = 5BBABE3224CDA01100C3A22C;
					};
				};
			};
			buildConfigurationList = 5BBABE2E24CDA01100C3A22C /* Build configuration list for PBXProject "makeba" */;
			compatibilityVersion = "Xcode 9.3";
			developmentRegion = en;
			hasScannedForEncodings = 0;
			knownRegions = (
				en,
				Base,
				ru,
			);
			mainGroup = 5BBABE2A24CDA01100C3A22C;
			productRefGroup = 5BBABE3424CDA01100C3A22C /* Products */;
			projectDirPath = "";
			projectRoot = "";
			targets = (
				5BBABE3224CDA01100C3A22C /* makeba */,
				5BBABE4824CDA01200C3A22C /* makebaTests */,
				5BBABE5324CDA01200C3A22C /* makebaUITests */,
				5BF5386424DFC4EC004B513D /* Data */,
				5BF5386C24DFC4EC004B513D /* DataTests */,
			);
		};
/* End PBXProject section */

/* Begin PBXResourcesBuildPhase section */
		5BBABE3124CDA01100C3A22C /* Resources */ = {
			isa = PBXResourcesBuildPhase;
			buildActionMask = 2147483647;
			files = (
				5BBABE4324CDA01200C3A22C /* LaunchScreen.storyboard in Resources */,
				5BDEE33624D45782000B5AF3 /* Localization.strings in Resources */,
				5BBABE4024CDA01200C3A22C /* Assets.xcassets in Resources */,
			);
			runOnlyForDeploymentPostprocessing = 0;
		};
		5BBABE4724CDA01200C3A22C /* Resources */ = {
			isa = PBXResourcesBuildPhase;
			buildActionMask = 2147483647;
			files = (
			);
			runOnlyForDeploymentPostprocessing = 0;
		};
		5BBABE5224CDA01200C3A22C /* Resources */ = {
			isa = PBXResourcesBuildPhase;
			buildActionMask = 2147483647;
			files = (
			);
			runOnlyForDeploymentPostprocessing = 0;
		};
		5BF5386324DFC4EC004B513D /* Resources */ = {
			isa = PBXResourcesBuildPhase;
			buildActionMask = 2147483647;
			files = (
			);
			runOnlyForDeploymentPostprocessing = 0;
		};
		5BF5386B24DFC4EC004B513D /* Resources */ = {
			isa = PBXResourcesBuildPhase;
			buildActionMask = 2147483647;
			files = (
			);
			runOnlyForDeploymentPostprocessing = 0;
		};
/* End PBXResourcesBuildPhase section */

/* Begin PBXShellScriptBuildPhase section */
		5B35223624D52AC90090078D /* ShellScript */ = {
			isa = PBXShellScriptBuildPhase;
			buildActionMask = 2147483647;
			files = (
			);
			inputFileListPaths = (
			);
			inputPaths = (
				"$TEMP_DIR/rswift-lastrun",
			);
			outputFileListPaths = (
			);
			outputPaths = (
				$SRCROOT/R.generated.swift,
			);
			runOnlyForDeploymentPostprocessing = 0;
			shellPath = /bin/sh;
			shellScript = "\"$PODS_ROOT/R.swift/rswift\" generate \"$SRCROOT/R.generated.swift\"\n";
		};
		78C01DD61A0188FBE840C07A /* [CP] Embed Pods Frameworks */ = {
			isa = PBXShellScriptBuildPhase;
			buildActionMask = 2147483647;
			files = (
			);
			inputFileListPaths = (
				"${PODS_ROOT}/Target Support Files/Pods-makebaTests/Pods-makebaTests-frameworks-${CONFIGURATION}-input-files.xcfilelist",
			);
			name = "[CP] Embed Pods Frameworks";
			outputFileListPaths = (
				"${PODS_ROOT}/Target Support Files/Pods-makebaTests/Pods-makebaTests-frameworks-${CONFIGURATION}-output-files.xcfilelist",
			);
			runOnlyForDeploymentPostprocessing = 0;
			shellPath = /bin/sh;
			shellScript = "\"${PODS_ROOT}/Target Support Files/Pods-makebaTests/Pods-makebaTests-frameworks.sh\"\n";
			showEnvVarsInLog = 0;
		};
		9A60E98F00F9750A46424275 /* [CP] Check Pods Manifest.lock */ = {
			isa = PBXShellScriptBuildPhase;
			buildActionMask = 2147483647;
			files = (
			);
			inputFileListPaths = (
			);
			inputPaths = (
				"${PODS_PODFILE_DIR_PATH}/Podfile.lock",
				"${PODS_ROOT}/Manifest.lock",
			);
			name = "[CP] Check Pods Manifest.lock";
			outputFileListPaths = (
			);
			outputPaths = (
				"$(DERIVED_FILE_DIR)/Pods-Data-DataTests-checkManifestLockResult.txt",
			);
			runOnlyForDeploymentPostprocessing = 0;
			shellPath = /bin/sh;
			shellScript = "diff \"${PODS_PODFILE_DIR_PATH}/Podfile.lock\" \"${PODS_ROOT}/Manifest.lock\" > /dev/null\nif [ $? != 0 ] ; then\n    # print error to STDERR\n    echo \"error: The sandbox is not in sync with the Podfile.lock. Run 'pod install' or update your CocoaPods installation.\" >&2\n    exit 1\nfi\n# This output is used by Xcode 'outputs' to avoid re-running this script phase.\necho \"SUCCESS\" > \"${SCRIPT_OUTPUT_FILE_0}\"\n";
			showEnvVarsInLog = 0;
		};
		9B499BA3A6D35A62D6A83915 /* [CP] Embed Pods Frameworks */ = {
			isa = PBXShellScriptBuildPhase;
			buildActionMask = 2147483647;
			files = (
			);
			inputFileListPaths = (
				"${PODS_ROOT}/Target Support Files/Pods-Data-DataTests/Pods-Data-DataTests-frameworks-${CONFIGURATION}-input-files.xcfilelist",
			);
			name = "[CP] Embed Pods Frameworks";
			outputFileListPaths = (
				"${PODS_ROOT}/Target Support Files/Pods-Data-DataTests/Pods-Data-DataTests-frameworks-${CONFIGURATION}-output-files.xcfilelist",
			);
			runOnlyForDeploymentPostprocessing = 0;
			shellPath = /bin/sh;
			shellScript = "\"${PODS_ROOT}/Target Support Files/Pods-Data-DataTests/Pods-Data-DataTests-frameworks.sh\"\n";
			showEnvVarsInLog = 0;
		};
		9EB9A2928A4DA748525A3FDC /* [CP] Check Pods Manifest.lock */ = {
			isa = PBXShellScriptBuildPhase;
			buildActionMask = 2147483647;
			files = (
			);
			inputFileListPaths = (
			);
			inputPaths = (
				"${PODS_PODFILE_DIR_PATH}/Podfile.lock",
				"${PODS_ROOT}/Manifest.lock",
			);
			name = "[CP] Check Pods Manifest.lock";
			outputFileListPaths = (
			);
			outputPaths = (
				"$(DERIVED_FILE_DIR)/Pods-Data-checkManifestLockResult.txt",
			);
			runOnlyForDeploymentPostprocessing = 0;
			shellPath = /bin/sh;
			shellScript = "diff \"${PODS_PODFILE_DIR_PATH}/Podfile.lock\" \"${PODS_ROOT}/Manifest.lock\" > /dev/null\nif [ $? != 0 ] ; then\n    # print error to STDERR\n    echo \"error: The sandbox is not in sync with the Podfile.lock. Run 'pod install' or update your CocoaPods installation.\" >&2\n    exit 1\nfi\n# This output is used by Xcode 'outputs' to avoid re-running this script phase.\necho \"SUCCESS\" > \"${SCRIPT_OUTPUT_FILE_0}\"\n";
			showEnvVarsInLog = 0;
		};
		A2BB52F7645436C0FC3F8FA6 /* [CP] Check Pods Manifest.lock */ = {
			isa = PBXShellScriptBuildPhase;
			buildActionMask = 2147483647;
			files = (
			);
			inputFileListPaths = (
			);
			inputPaths = (
				"${PODS_PODFILE_DIR_PATH}/Podfile.lock",
				"${PODS_ROOT}/Manifest.lock",
			);
			name = "[CP] Check Pods Manifest.lock";
			outputFileListPaths = (
			);
			outputPaths = (
				"$(DERIVED_FILE_DIR)/Pods-makeba-makebaUITests-checkManifestLockResult.txt",
			);
			runOnlyForDeploymentPostprocessing = 0;
			shellPath = /bin/sh;
			shellScript = "diff \"${PODS_PODFILE_DIR_PATH}/Podfile.lock\" \"${PODS_ROOT}/Manifest.lock\" > /dev/null\nif [ $? != 0 ] ; then\n    # print error to STDERR\n    echo \"error: The sandbox is not in sync with the Podfile.lock. Run 'pod install' or update your CocoaPods installation.\" >&2\n    exit 1\nfi\n# This output is used by Xcode 'outputs' to avoid re-running this script phase.\necho \"SUCCESS\" > \"${SCRIPT_OUTPUT_FILE_0}\"\n";
			showEnvVarsInLog = 0;
		};
		B2708BC8118949977D409981 /* [CP] Check Pods Manifest.lock */ = {
			isa = PBXShellScriptBuildPhase;
			buildActionMask = 2147483647;
			files = (
			);
			inputFileListPaths = (
			);
			inputPaths = (
				"${PODS_PODFILE_DIR_PATH}/Podfile.lock",
				"${PODS_ROOT}/Manifest.lock",
			);
			name = "[CP] Check Pods Manifest.lock";
			outputFileListPaths = (
			);
			outputPaths = (
				"$(DERIVED_FILE_DIR)/Pods-makebaTests-checkManifestLockResult.txt",
			);
			runOnlyForDeploymentPostprocessing = 0;
			shellPath = /bin/sh;
			shellScript = "diff \"${PODS_PODFILE_DIR_PATH}/Podfile.lock\" \"${PODS_ROOT}/Manifest.lock\" > /dev/null\nif [ $? != 0 ] ; then\n    # print error to STDERR\n    echo \"error: The sandbox is not in sync with the Podfile.lock. Run 'pod install' or update your CocoaPods installation.\" >&2\n    exit 1\nfi\n# This output is used by Xcode 'outputs' to avoid re-running this script phase.\necho \"SUCCESS\" > \"${SCRIPT_OUTPUT_FILE_0}\"\n";
			showEnvVarsInLog = 0;
		};
		CED19489059EE598464E9640 /* [CP] Embed Pods Frameworks */ = {
			isa = PBXShellScriptBuildPhase;
			buildActionMask = 2147483647;
			files = (
			);
			inputFileListPaths = (
				"${PODS_ROOT}/Target Support Files/Pods-makeba/Pods-makeba-frameworks-${CONFIGURATION}-input-files.xcfilelist",
			);
			name = "[CP] Embed Pods Frameworks";
			outputFileListPaths = (
				"${PODS_ROOT}/Target Support Files/Pods-makeba/Pods-makeba-frameworks-${CONFIGURATION}-output-files.xcfilelist",
			);
			runOnlyForDeploymentPostprocessing = 0;
			shellPath = /bin/sh;
			shellScript = "\"${PODS_ROOT}/Target Support Files/Pods-makeba/Pods-makeba-frameworks.sh\"\n";
			showEnvVarsInLog = 0;
		};
		DE8BAC6CC32351BB682BFCD4 /* [CP] Embed Pods Frameworks */ = {
			isa = PBXShellScriptBuildPhase;
			buildActionMask = 2147483647;
			files = (
			);
			inputFileListPaths = (
				"${PODS_ROOT}/Target Support Files/Pods-makeba-makebaUITests/Pods-makeba-makebaUITests-frameworks-${CONFIGURATION}-input-files.xcfilelist",
			);
			name = "[CP] Embed Pods Frameworks";
			outputFileListPaths = (
				"${PODS_ROOT}/Target Support Files/Pods-makeba-makebaUITests/Pods-makeba-makebaUITests-frameworks-${CONFIGURATION}-output-files.xcfilelist",
			);
			runOnlyForDeploymentPostprocessing = 0;
			shellPath = /bin/sh;
			shellScript = "\"${PODS_ROOT}/Target Support Files/Pods-makeba-makebaUITests/Pods-makeba-makebaUITests-frameworks.sh\"\n";
			showEnvVarsInLog = 0;
		};
		FD8660E410367EBD8DF89177 /* [CP] Check Pods Manifest.lock */ = {
			isa = PBXShellScriptBuildPhase;
			buildActionMask = 2147483647;
			files = (
			);
			inputFileListPaths = (
			);
			inputPaths = (
				"${PODS_PODFILE_DIR_PATH}/Podfile.lock",
				"${PODS_ROOT}/Manifest.lock",
			);
			name = "[CP] Check Pods Manifest.lock";
			outputFileListPaths = (
			);
			outputPaths = (
				"$(DERIVED_FILE_DIR)/Pods-makeba-checkManifestLockResult.txt",
			);
			runOnlyForDeploymentPostprocessing = 0;
			shellPath = /bin/sh;
			shellScript = "diff \"${PODS_PODFILE_DIR_PATH}/Podfile.lock\" \"${PODS_ROOT}/Manifest.lock\" > /dev/null\nif [ $? != 0 ] ; then\n    # print error to STDERR\n    echo \"error: The sandbox is not in sync with the Podfile.lock. Run 'pod install' or update your CocoaPods installation.\" >&2\n    exit 1\nfi\n# This output is used by Xcode 'outputs' to avoid re-running this script phase.\necho \"SUCCESS\" > \"${SCRIPT_OUTPUT_FILE_0}\"\n";
			showEnvVarsInLog = 0;
		};
/* End PBXShellScriptBuildPhase section */

/* Begin PBXSourcesBuildPhase section */
		5BBABE2F24CDA01100C3A22C /* Sources */ = {
			isa = PBXSourcesBuildPhase;
			buildActionMask = 2147483647;
			files = (
				5BBABE3724CDA01100C3A22C /* AppDelegate.swift in Sources */,
				5BD4913624D6933000BF0C8A /* ServerListViewController.swift in Sources */,
				5BD4914724D6A2A300BF0C8A /* ServerListView.swift in Sources */,
				5BD4913E24D6936100BF0C8A /* AuthorizeViewController.swift in Sources */,
				5BD4913824D6933900BF0C8A /* StatsViewController.swift in Sources */,
				5BCC3BC224D1F4A800A7C7DA /* ViewControllers.swift in Sources */,
				5BD4914124D696DF00BF0C8A /* BaseViewController.swift in Sources */,
				5BBABE3924CDA01100C3A22C /* SceneDelegate.swift in Sources */,
				5BD4914324D6971C00BF0C8A /* BaseViewModel.swift in Sources */,
				5BCAE60F24D68FEA0002945B /* TabBarController.swift in Sources */,
				5BBD27E024FEC6420022994D /* Binding.swift in Sources */,
				5BF5385F24DF271A004B513D /* StatsViewModel.swift in Sources */,
				5BD4913A24D6934200BF0C8A /* AddServerViewController.swift in Sources */,
				5BBD27E224FF57B90022994D /* UIMTextField.swift in Sources */,
				5BCC3BC024D1F42500A7C7DA /* NavigationRule.swift in Sources */,
				5BD4914524D699E800BF0C8A /* ServerListViewModel.swift in Sources */,
				5BCB7E9D24D88DBC00618676 /* AddServerView.swift in Sources */,
				5BF5385D24DF270F004B513D /* StatsView.swift in Sources */,
				5BCB7E9B24D88DB100618676 /* AddServerViewModel.swift in Sources */,
				5BD4913C24D6935300BF0C8A /* AboutAppViewController.swift in Sources */,
				5BD4914A24D6EFB900BF0C8A /* ServerInfoTableViewCell.swift in Sources */,
				5B53AA2F24D52C120051C296 /* R.generated.swift in Sources */,
			);
			runOnlyForDeploymentPostprocessing = 0;
		};
		5BBABE4524CDA01200C3A22C /* Sources */ = {
			isa = PBXSourcesBuildPhase;
			buildActionMask = 2147483647;
			files = (
				5BBABE4E24CDA01200C3A22C /* makebaTests.swift in Sources */,
			);
			runOnlyForDeploymentPostprocessing = 0;
		};
		5BBABE5024CDA01200C3A22C /* Sources */ = {
			isa = PBXSourcesBuildPhase;
			buildActionMask = 2147483647;
			files = (
				5BBABE5924CDA01200C3A22C /* makebaUITests.swift in Sources */,
			);
			runOnlyForDeploymentPostprocessing = 0;
		};
		5BF5386124DFC4EC004B513D /* Sources */ = {
			isa = PBXSourcesBuildPhase;
			buildActionMask = 2147483647;
			files = (
				5BC038E32501FE6100E7BADE /* QueryError.swift in Sources */,
				5BACE49024FFE793003EB2BE /* BaseResponse.swift in Sources */,
				5B219A4724FBD8AA00FD80B0 /* ServerEntityCase.swift in Sources */,
				5B219A1E24F96DEA00FD80B0 /* Preference.swift in Sources */,
				5B219A4A24FBDC3200FD80B0 /* BaseCase.swift in Sources */,
				5BC2985A250E6FFD0067A949 /* ServerEntity+CoreDataClass.swift in Sources */,
				5B219A2024F96EED00FD80B0 /* DataLayer.swift in Sources */,
				5B219A4424FBCBCE00FD80B0 /* CoreDataStack.swift in Sources */,
				5BACE48D24FFE66A003EB2BE /* NetworkStatus.swift in Sources */,
				5BC29862250E72120067A949 /* Model.xcdatamodeld in Sources */,
				5B27AF66250E2776001577CC /* NetworkError.swift in Sources */,
				5B219A2424F9766300FD80B0 /* Server.swift in Sources */,
				5B12E9462505EF1700647C60 /* StatsContainer.swift in Sources */,
				5B219A3024FABE6700FD80B0 /* ServerCase.swift in Sources */,
				5BC29859250E6FFD0067A949 /* ServerEntity+CoreDataProperties.swift in Sources */,
				5B12E94825067AAB00647C60 /* NetworkResponse.swift in Sources */,
				5B59AD66250530AD00397FF5 /* StatCase.swift in Sources */,
				5B12E94B2506996100647C60 /* StatusCode.swift in Sources */,
				5B219A1C24F96DB900FD80B0 /* Requests.swift in Sources */,
				5BA987BB2504F8CC0015104E /* Responses.swift in Sources */,
				5B219A4C24FBE47300FD80B0 /* BaseEntityCase.swift in Sources */,
				5BACE49524FFE817003EB2BE /* DBStatus.swift in Sources */,
			);
			runOnlyForDeploymentPostprocessing = 0;
		};
		5BF5386924DFC4EC004B513D /* Sources */ = {
			isa = PBXSourcesBuildPhase;
			buildActionMask = 2147483647;
			files = (
				5BF5387524DFC4EC004B513D /* DataTests.swift in Sources */,
			);
			runOnlyForDeploymentPostprocessing = 0;
		};
/* End PBXSourcesBuildPhase section */

/* Begin PBXTargetDependency section */
		5BBABE4B24CDA01200C3A22C /* PBXTargetDependency */ = {
			isa = PBXTargetDependency;
			target = 5BBABE3224CDA01100C3A22C /* makeba */;
			targetProxy = 5BBABE4A24CDA01200C3A22C /* PBXContainerItemProxy */;
		};
		5BBABE5624CDA01200C3A22C /* PBXTargetDependency */ = {
			isa = PBXTargetDependency;
			target = 5BBABE3224CDA01100C3A22C /* makeba */;
			targetProxy = 5BBABE5524CDA01200C3A22C /* PBXContainerItemProxy */;
		};
		5BF5387024DFC4EC004B513D /* PBXTargetDependency */ = {
			isa = PBXTargetDependency;
			target = 5BF5386424DFC4EC004B513D /* Data */;
			targetProxy = 5BF5386F24DFC4EC004B513D /* PBXContainerItemProxy */;
		};
		5BF5387224DFC4EC004B513D /* PBXTargetDependency */ = {
			isa = PBXTargetDependency;
			target = 5BBABE3224CDA01100C3A22C /* makeba */;
			targetProxy = 5BF5387124DFC4EC004B513D /* PBXContainerItemProxy */;
		};
		5BF5387924DFC4EC004B513D /* PBXTargetDependency */ = {
			isa = PBXTargetDependency;
			target = 5BF5386424DFC4EC004B513D /* Data */;
			targetProxy = 5BF5387824DFC4EC004B513D /* PBXContainerItemProxy */;
		};
/* End PBXTargetDependency section */

/* Begin PBXVariantGroup section */
		5BBABE4124CDA01200C3A22C /* LaunchScreen.storyboard */ = {
			isa = PBXVariantGroup;
			children = (
				5BDEE33524D45766000B5AF3 /* Base */,
			);
			name = LaunchScreen.storyboard;
			sourceTree = "<group>";
		};
		5BDEE33824D45782000B5AF3 /* Localization.strings */ = {
			isa = PBXVariantGroup;
			children = (
				5BDEE33724D45782000B5AF3 /* en */,
				5BDEE33924D457A0000B5AF3 /* ru */,
			);
			name = Localization.strings;
			sourceTree = "<group>";
		};
/* End PBXVariantGroup section */

/* Begin XCBuildConfiguration section */
		5BBABE5B24CDA01200C3A22C /* Debug */ = {
			isa = XCBuildConfiguration;
			buildSettings = {
				ALWAYS_SEARCH_USER_PATHS = NO;
				CLANG_ANALYZER_LOCALIZABILITY_NONLOCALIZED = YES;
				CLANG_ANALYZER_NONNULL = YES;
				CLANG_ANALYZER_NUMBER_OBJECT_CONVERSION = YES_AGGRESSIVE;
				CLANG_CXX_LANGUAGE_STANDARD = "gnu++14";
				CLANG_CXX_LIBRARY = "libc++";
				CLANG_ENABLE_MODULES = YES;
				CLANG_ENABLE_OBJC_ARC = YES;
				CLANG_ENABLE_OBJC_WEAK = YES;
				CLANG_WARN_BLOCK_CAPTURE_AUTORELEASING = YES;
				CLANG_WARN_BOOL_CONVERSION = YES;
				CLANG_WARN_COMMA = YES;
				CLANG_WARN_CONSTANT_CONVERSION = YES;
				CLANG_WARN_DEPRECATED_OBJC_IMPLEMENTATIONS = YES;
				CLANG_WARN_DIRECT_OBJC_ISA_USAGE = YES_ERROR;
				CLANG_WARN_DOCUMENTATION_COMMENTS = YES;
				CLANG_WARN_EMPTY_BODY = YES;
				CLANG_WARN_ENUM_CONVERSION = YES;
				CLANG_WARN_INFINITE_RECURSION = YES;
				CLANG_WARN_INT_CONVERSION = YES;
				CLANG_WARN_NON_LITERAL_NULL_CONVERSION = YES;
				CLANG_WARN_OBJC_IMPLICIT_RETAIN_SELF = YES;
				CLANG_WARN_OBJC_LITERAL_CONVERSION = YES;
				CLANG_WARN_OBJC_ROOT_CLASS = YES_ERROR;
				CLANG_WARN_RANGE_LOOP_ANALYSIS = YES;
				CLANG_WARN_STRICT_PROTOTYPES = YES;
				CLANG_WARN_SUSPICIOUS_MOVE = YES;
				CLANG_WARN_UNGUARDED_AVAILABILITY = YES_AGGRESSIVE;
				CLANG_WARN_UNREACHABLE_CODE = YES;
				CLANG_WARN__DUPLICATE_METHOD_MATCH = YES;
				COPY_PHASE_STRIP = NO;
				DEBUG_INFORMATION_FORMAT = dwarf;
				ENABLE_STRICT_OBJC_MSGSEND = YES;
				ENABLE_TESTABILITY = YES;
				GCC_C_LANGUAGE_STANDARD = gnu11;
				GCC_DYNAMIC_NO_PIC = NO;
				GCC_NO_COMMON_BLOCKS = YES;
				GCC_OPTIMIZATION_LEVEL = 0;
				GCC_PREPROCESSOR_DEFINITIONS = (
					"DEBUG=1",
					"$(inherited)",
				);
				GCC_WARN_64_TO_32_BIT_CONVERSION = YES;
				GCC_WARN_ABOUT_RETURN_TYPE = YES_ERROR;
				GCC_WARN_UNDECLARED_SELECTOR = YES;
				GCC_WARN_UNINITIALIZED_AUTOS = YES_AGGRESSIVE;
				GCC_WARN_UNUSED_FUNCTION = YES;
				GCC_WARN_UNUSED_VARIABLE = YES;
				IPHONEOS_DEPLOYMENT_TARGET = 13.5;
				MTL_ENABLE_DEBUG_INFO = INCLUDE_SOURCE;
				MTL_FAST_MATH = YES;
				ONLY_ACTIVE_ARCH = YES;
				SDKROOT = iphoneos;
				SWIFT_ACTIVE_COMPILATION_CONDITIONS = DEBUG;
				SWIFT_OPTIMIZATION_LEVEL = "-Onone";
			};
			name = Debug;
		};
		5BBABE5C24CDA01200C3A22C /* Release */ = {
			isa = XCBuildConfiguration;
			buildSettings = {
				ALWAYS_SEARCH_USER_PATHS = NO;
				CLANG_ANALYZER_LOCALIZABILITY_NONLOCALIZED = YES;
				CLANG_ANALYZER_NONNULL = YES;
				CLANG_ANALYZER_NUMBER_OBJECT_CONVERSION = YES_AGGRESSIVE;
				CLANG_CXX_LANGUAGE_STANDARD = "gnu++14";
				CLANG_CXX_LIBRARY = "libc++";
				CLANG_ENABLE_MODULES = YES;
				CLANG_ENABLE_OBJC_ARC = YES;
				CLANG_ENABLE_OBJC_WEAK = YES;
				CLANG_WARN_BLOCK_CAPTURE_AUTORELEASING = YES;
				CLANG_WARN_BOOL_CONVERSION = YES;
				CLANG_WARN_COMMA = YES;
				CLANG_WARN_CONSTANT_CONVERSION = YES;
				CLANG_WARN_DEPRECATED_OBJC_IMPLEMENTATIONS = YES;
				CLANG_WARN_DIRECT_OBJC_ISA_USAGE = YES_ERROR;
				CLANG_WARN_DOCUMENTATION_COMMENTS = YES;
				CLANG_WARN_EMPTY_BODY = YES;
				CLANG_WARN_ENUM_CONVERSION = YES;
				CLANG_WARN_INFINITE_RECURSION = YES;
				CLANG_WARN_INT_CONVERSION = YES;
				CLANG_WARN_NON_LITERAL_NULL_CONVERSION = YES;
				CLANG_WARN_OBJC_IMPLICIT_RETAIN_SELF = YES;
				CLANG_WARN_OBJC_LITERAL_CONVERSION = YES;
				CLANG_WARN_OBJC_ROOT_CLASS = YES_ERROR;
				CLANG_WARN_RANGE_LOOP_ANALYSIS = YES;
				CLANG_WARN_STRICT_PROTOTYPES = YES;
				CLANG_WARN_SUSPICIOUS_MOVE = YES;
				CLANG_WARN_UNGUARDED_AVAILABILITY = YES_AGGRESSIVE;
				CLANG_WARN_UNREACHABLE_CODE = YES;
				CLANG_WARN__DUPLICATE_METHOD_MATCH = YES;
				COPY_PHASE_STRIP = NO;
				DEBUG_INFORMATION_FORMAT = "dwarf-with-dsym";
				ENABLE_NS_ASSERTIONS = NO;
				ENABLE_STRICT_OBJC_MSGSEND = YES;
				GCC_C_LANGUAGE_STANDARD = gnu11;
				GCC_NO_COMMON_BLOCKS = YES;
				GCC_WARN_64_TO_32_BIT_CONVERSION = YES;
				GCC_WARN_ABOUT_RETURN_TYPE = YES_ERROR;
				GCC_WARN_UNDECLARED_SELECTOR = YES;
				GCC_WARN_UNINITIALIZED_AUTOS = YES_AGGRESSIVE;
				GCC_WARN_UNUSED_FUNCTION = YES;
				GCC_WARN_UNUSED_VARIABLE = YES;
				IPHONEOS_DEPLOYMENT_TARGET = 13.5;
				MTL_ENABLE_DEBUG_INFO = NO;
				MTL_FAST_MATH = YES;
				SDKROOT = iphoneos;
				SWIFT_COMPILATION_MODE = wholemodule;
				SWIFT_OPTIMIZATION_LEVEL = "-O";
				VALIDATE_PRODUCT = YES;
			};
			name = Release;
		};
		5BBABE5E24CDA01200C3A22C /* Debug */ = {
			isa = XCBuildConfiguration;
			baseConfigurationReference = 0C51DB8F7DDA033554468517 /* Pods-makeba.debug.xcconfig */;
			buildSettings = {
				ALWAYS_EMBED_SWIFT_STANDARD_LIBRARIES = YES;
				ASSETCATALOG_COMPILER_APPICON_NAME = AppIcon;
				CODE_SIGN_STYLE = Automatic;
				DEVELOPMENT_TEAM = GUPNP9UD97;
				INFOPLIST_FILE = makeba/Info.plist;
				IPHONEOS_DEPLOYMENT_TARGET = 13.6;
				LD_RUNPATH_SEARCH_PATHS = (
					"$(inherited)",
					"@executable_path/Frameworks",
				);
				MARKETING_VERSION = 0.1.0;
				PRODUCT_BUNDLE_IDENTIFIER = com.ggsrvg.makeba;
				PRODUCT_NAME = Makeba;
				SWIFT_VERSION = 5.0;
				TARGETED_DEVICE_FAMILY = "1,2";
			};
			name = Debug;
		};
		5BBABE5F24CDA01200C3A22C /* Release */ = {
			isa = XCBuildConfiguration;
			baseConfigurationReference = 0C6B90F469C0212F3CE1BD65 /* Pods-makeba.release.xcconfig */;
			buildSettings = {
				ALWAYS_EMBED_SWIFT_STANDARD_LIBRARIES = YES;
				ASSETCATALOG_COMPILER_APPICON_NAME = AppIcon;
				CODE_SIGN_STYLE = Automatic;
				DEVELOPMENT_TEAM = GUPNP9UD97;
				INFOPLIST_FILE = makeba/Info.plist;
				IPHONEOS_DEPLOYMENT_TARGET = 13.6;
				LD_RUNPATH_SEARCH_PATHS = (
					"$(inherited)",
					"@executable_path/Frameworks",
				);
				MARKETING_VERSION = 0.1.0;
				PRODUCT_BUNDLE_IDENTIFIER = com.ggsrvg.makeba;
				PRODUCT_NAME = Makeba;
				SWIFT_VERSION = 5.0;
				TARGETED_DEVICE_FAMILY = "1,2";
			};
			name = Release;
		};
		5BBABE6124CDA01200C3A22C /* Debug */ = {
			isa = XCBuildConfiguration;
			baseConfigurationReference = 3780417EF95D9A8C53623609 /* Pods-makebaTests.debug.xcconfig */;
			buildSettings = {
				ALWAYS_EMBED_SWIFT_STANDARD_LIBRARIES = "$(inherited)";
				BUNDLE_LOADER = "$(TEST_HOST)";
				CODE_SIGN_STYLE = Automatic;
				DEVELOPMENT_TEAM = GUPNP9UD97;
				INFOPLIST_FILE = makebaTests/Info.plist;
				IPHONEOS_DEPLOYMENT_TARGET = 13.5;
				LD_RUNPATH_SEARCH_PATHS = (
					"$(inherited)",
					"@executable_path/Frameworks",
					"@loader_path/Frameworks",
				);
				PRODUCT_BUNDLE_IDENTIFIER = com.ggsrvg.makebaTests;
				PRODUCT_NAME = "$(TARGET_NAME)";
				SWIFT_VERSION = 5.0;
				TARGETED_DEVICE_FAMILY = "1,2";
				TEST_HOST = "$(BUILT_PRODUCTS_DIR)/makeba.app/makeba";
			};
			name = Debug;
		};
		5BBABE6224CDA01200C3A22C /* Release */ = {
			isa = XCBuildConfiguration;
			baseConfigurationReference = 1FB4708D2203B8182C5683FF /* Pods-makebaTests.release.xcconfig */;
			buildSettings = {
				ALWAYS_EMBED_SWIFT_STANDARD_LIBRARIES = "$(inherited)";
				BUNDLE_LOADER = "$(TEST_HOST)";
				CODE_SIGN_STYLE = Automatic;
				DEVELOPMENT_TEAM = GUPNP9UD97;
				INFOPLIST_FILE = makebaTests/Info.plist;
				IPHONEOS_DEPLOYMENT_TARGET = 13.5;
				LD_RUNPATH_SEARCH_PATHS = (
					"$(inherited)",
					"@executable_path/Frameworks",
					"@loader_path/Frameworks",
				);
				PRODUCT_BUNDLE_IDENTIFIER = com.ggsrvg.makebaTests;
				PRODUCT_NAME = "$(TARGET_NAME)";
				SWIFT_VERSION = 5.0;
				TARGETED_DEVICE_FAMILY = "1,2";
				TEST_HOST = "$(BUILT_PRODUCTS_DIR)/makeba.app/makeba";
			};
			name = Release;
		};
		5BBABE6424CDA01200C3A22C /* Debug */ = {
			isa = XCBuildConfiguration;
			baseConfigurationReference = DC172A7CFEDCDD78C2706262 /* Pods-makeba-makebaUITests.debug.xcconfig */;
			buildSettings = {
				ALWAYS_EMBED_SWIFT_STANDARD_LIBRARIES = "$(inherited)";
				CODE_SIGN_STYLE = Automatic;
				DEVELOPMENT_TEAM = GUPNP9UD97;
				INFOPLIST_FILE = makebaUITests/Info.plist;
				LD_RUNPATH_SEARCH_PATHS = (
					"$(inherited)",
					"@executable_path/Frameworks",
					"@loader_path/Frameworks",
				);
				PRODUCT_BUNDLE_IDENTIFIER = com.ggsrvg.makebaUITests;
				PRODUCT_NAME = "$(TARGET_NAME)";
				SWIFT_VERSION = 5.0;
				TARGETED_DEVICE_FAMILY = "1,2";
				TEST_TARGET_NAME = makeba;
			};
			name = Debug;
		};
		5BBABE6524CDA01200C3A22C /* Release */ = {
			isa = XCBuildConfiguration;
			baseConfigurationReference = 148B8ED5FAB41706F40F33C4 /* Pods-makeba-makebaUITests.release.xcconfig */;
			buildSettings = {
				ALWAYS_EMBED_SWIFT_STANDARD_LIBRARIES = "$(inherited)";
				CODE_SIGN_STYLE = Automatic;
				DEVELOPMENT_TEAM = GUPNP9UD97;
				INFOPLIST_FILE = makebaUITests/Info.plist;
				LD_RUNPATH_SEARCH_PATHS = (
					"$(inherited)",
					"@executable_path/Frameworks",
					"@loader_path/Frameworks",
				);
				PRODUCT_BUNDLE_IDENTIFIER = com.ggsrvg.makebaUITests;
				PRODUCT_NAME = "$(TARGET_NAME)";
				SWIFT_VERSION = 5.0;
				TARGETED_DEVICE_FAMILY = "1,2";
				TEST_TARGET_NAME = makeba;
			};
			name = Release;
		};
		5BF5387D24DFC4EC004B513D /* Debug */ = {
			isa = XCBuildConfiguration;
			baseConfigurationReference = 713810359CF14BAD932AB15E /* Pods-Data.debug.xcconfig */;
			buildSettings = {
				CLANG_ENABLE_MODULES = YES;
				CODE_SIGN_STYLE = Automatic;
				CURRENT_PROJECT_VERSION = 1;
				DEFINES_MODULE = YES;
				DEVELOPMENT_TEAM = GUPNP9UD97;
				DYLIB_COMPATIBILITY_VERSION = 1;
				DYLIB_CURRENT_VERSION = 1;
				DYLIB_INSTALL_NAME_BASE = "@rpath";
				INFOPLIST_FILE = Data/Info.plist;
				INSTALL_PATH = "$(LOCAL_LIBRARY_DIR)/Frameworks";
				IPHONEOS_DEPLOYMENT_TARGET = 13.6;
				LD_RUNPATH_SEARCH_PATHS = (
					"$(inherited)",
					"@executable_path/Frameworks",
					"@loader_path/Frameworks",
				);
				MARKETING_VERSION = 0.1.0;
				PRODUCT_BUNDLE_IDENTIFIER = com.ggsrvg.Data;
				PRODUCT_NAME = "$(TARGET_NAME:c99extidentifier)";
				SKIP_INSTALL = YES;
				SWIFT_OPTIMIZATION_LEVEL = "-Onone";
				SWIFT_VERSION = 5.0;
				TARGETED_DEVICE_FAMILY = "1,2";
				VERSIONING_SYSTEM = "apple-generic";
				VERSION_INFO_PREFIX = "";
			};
			name = Debug;
		};
		5BF5387E24DFC4EC004B513D /* Release */ = {
			isa = XCBuildConfiguration;
			baseConfigurationReference = 44F20E08459B0482E53E827E /* Pods-Data.release.xcconfig */;
			buildSettings = {
				CLANG_ENABLE_MODULES = YES;
				CODE_SIGN_STYLE = Automatic;
				CURRENT_PROJECT_VERSION = 1;
				DEFINES_MODULE = YES;
				DEVELOPMENT_TEAM = GUPNP9UD97;
				DYLIB_COMPATIBILITY_VERSION = 1;
				DYLIB_CURRENT_VERSION = 1;
				DYLIB_INSTALL_NAME_BASE = "@rpath";
				INFOPLIST_FILE = Data/Info.plist;
				INSTALL_PATH = "$(LOCAL_LIBRARY_DIR)/Frameworks";
				IPHONEOS_DEPLOYMENT_TARGET = 13.6;
				LD_RUNPATH_SEARCH_PATHS = (
					"$(inherited)",
					"@executable_path/Frameworks",
					"@loader_path/Frameworks",
				);
				MARKETING_VERSION = 0.1.0;
				PRODUCT_BUNDLE_IDENTIFIER = com.ggsrvg.Data;
				PRODUCT_NAME = "$(TARGET_NAME:c99extidentifier)";
				SKIP_INSTALL = YES;
				SWIFT_VERSION = 5.0;
				TARGETED_DEVICE_FAMILY = "1,2";
				VERSIONING_SYSTEM = "apple-generic";
				VERSION_INFO_PREFIX = "";
			};
			name = Release;
		};
		5BF5388024DFC4EC004B513D /* Debug */ = {
			isa = XCBuildConfiguration;
			baseConfigurationReference = A2E388F9281743674BDC9BAD /* Pods-Data-DataTests.debug.xcconfig */;
			buildSettings = {
				ALWAYS_EMBED_SWIFT_STANDARD_LIBRARIES = YES;
				CODE_SIGN_STYLE = Automatic;
				DEVELOPMENT_TEAM = GUPNP9UD97;
				INFOPLIST_FILE = DataTests/Info.plist;
				IPHONEOS_DEPLOYMENT_TARGET = 13.6;
				LD_RUNPATH_SEARCH_PATHS = (
					"$(inherited)",
					"@executable_path/Frameworks",
					"@loader_path/Frameworks",
				);
				PRODUCT_BUNDLE_IDENTIFIER = com.ggsrvg.DataTests;
				PRODUCT_NAME = "$(TARGET_NAME)";
				SWIFT_VERSION = 5.0;
				TARGETED_DEVICE_FAMILY = "1,2";
				TEST_HOST = "$(BUILT_PRODUCTS_DIR)/Makeba.app/Makeba";
			};
			name = Debug;
		};
		5BF5388124DFC4EC004B513D /* Release */ = {
			isa = XCBuildConfiguration;
			baseConfigurationReference = 9D46BFAEB437F0A1127E7F86 /* Pods-Data-DataTests.release.xcconfig */;
			buildSettings = {
				ALWAYS_EMBED_SWIFT_STANDARD_LIBRARIES = YES;
				CODE_SIGN_STYLE = Automatic;
				DEVELOPMENT_TEAM = GUPNP9UD97;
				INFOPLIST_FILE = DataTests/Info.plist;
				IPHONEOS_DEPLOYMENT_TARGET = 13.6;
				LD_RUNPATH_SEARCH_PATHS = (
					"$(inherited)",
					"@executable_path/Frameworks",
					"@loader_path/Frameworks",
				);
				PRODUCT_BUNDLE_IDENTIFIER = com.ggsrvg.DataTests;
				PRODUCT_NAME = "$(TARGET_NAME)";
				SWIFT_VERSION = 5.0;
				TARGETED_DEVICE_FAMILY = "1,2";
				TEST_HOST = "$(BUILT_PRODUCTS_DIR)/Makeba.app/Makeba";
			};
			name = Release;
		};
/* End XCBuildConfiguration section */

/* Begin XCConfigurationList section */
		5BBABE2E24CDA01100C3A22C /* Build configuration list for PBXProject "makeba" */ = {
			isa = XCConfigurationList;
			buildConfigurations = (
				5BBABE5B24CDA01200C3A22C /* Debug */,
				5BBABE5C24CDA01200C3A22C /* Release */,
			);
			defaultConfigurationIsVisible = 0;
			defaultConfigurationName = Release;
		};
		5BBABE5D24CDA01200C3A22C /* Build configuration list for PBXNativeTarget "makeba" */ = {
			isa = XCConfigurationList;
			buildConfigurations = (
				5BBABE5E24CDA01200C3A22C /* Debug */,
				5BBABE5F24CDA01200C3A22C /* Release */,
			);
			defaultConfigurationIsVisible = 0;
			defaultConfigurationName = Release;
		};
		5BBABE6024CDA01200C3A22C /* Build configuration list for PBXNativeTarget "makebaTests" */ = {
			isa = XCConfigurationList;
			buildConfigurations = (
				5BBABE6124CDA01200C3A22C /* Debug */,
				5BBABE6224CDA01200C3A22C /* Release */,
			);
			defaultConfigurationIsVisible = 0;
			defaultConfigurationName = Release;
		};
		5BBABE6324CDA01200C3A22C /* Build configuration list for PBXNativeTarget "makebaUITests" */ = {
			isa = XCConfigurationList;
			buildConfigurations = (
				5BBABE6424CDA01200C3A22C /* Debug */,
				5BBABE6524CDA01200C3A22C /* Release */,
			);
			defaultConfigurationIsVisible = 0;
			defaultConfigurationName = Release;
		};
		5BF5387C24DFC4EC004B513D /* Build configuration list for PBXNativeTarget "Data" */ = {
			isa = XCConfigurationList;
			buildConfigurations = (
				5BF5387D24DFC4EC004B513D /* Debug */,
				5BF5387E24DFC4EC004B513D /* Release */,
			);
			defaultConfigurationIsVisible = 0;
			defaultConfigurationName = Release;
		};
		5BF5387F24DFC4EC004B513D /* Build configuration list for PBXNativeTarget "DataTests" */ = {
			isa = XCConfigurationList;
			buildConfigurations = (
				5BF5388024DFC4EC004B513D /* Debug */,
				5BF5388124DFC4EC004B513D /* Release */,
			);
			defaultConfigurationIsVisible = 0;
			defaultConfigurationName = Release;
		};
/* End XCConfigurationList section */

/* Begin XCVersionGroup section */
		5BC29860250E72120067A949 /* Model.xcdatamodeld */ = {
			isa = XCVersionGroup;
			children = (
				5BC29861250E72120067A949 /* Model.xcdatamodel */,
			);
			currentVersion = 5BC29861250E72120067A949 /* Model.xcdatamodel */;
			path = Model.xcdatamodeld;
			sourceTree = "<group>";
			versionGroupType = wrapper.xcdatamodel;
		};
/* End XCVersionGroup section */
	};
	rootObject = 5BBABE2B24CDA01100C3A22C /* Project object */;
}
